// !$*UTF8*$!
{
	archiveVersion = 1;
	classes = {
	};
	objectVersion = 46;
	objects = {

/* Begin PBXBuildFile section */
		13C8E0298B964AE7BEE00B98 /* libPods-Aeda.a in Frameworks */ = {isa = PBXBuildFile; fileRef = ABFC7F0D7BCE4643B151466F /* libPods-Aeda.a */; };
		F6010A2419E5B1BC00B076BF /* RutinaEnProgresoViewController.m in Sources */ = {isa = PBXBuildFile; fileRef = F6010A2219E5B1BC00B076BF /* RutinaEnProgresoViewController.m */; };
		F6010A2519E5B1BC00B076BF /* RutinaEnProgresoViewController.xib in Resources */ = {isa = PBXBuildFile; fileRef = F6010A2319E5B1BC00B076BF /* RutinaEnProgresoViewController.xib */; };
		F62D522E19E311E800EF01FB /* ResultadoRepeticionView.m in Sources */ = {isa = PBXBuildFile; fileRef = F62D522D19E311E800EF01FB /* ResultadoRepeticionView.m */; };
		F630C12219E5C55000B6449B /* HeartRate.m in Sources */ = {isa = PBXBuildFile; fileRef = F630C12119E5C55000B6449B /* HeartRate.m */; };
		F63B690819E2B28500302B6C /* ResultadoRutinaViewController.m in Sources */ = {isa = PBXBuildFile; fileRef = F63B690719E2B28500302B6C /* ResultadoRutinaViewController.m */; };
		F63B690B19E2B2E000302B6C /* ResultadoEjercicioView.m in Sources */ = {isa = PBXBuildFile; fileRef = F63B690A19E2B2E000302B6C /* ResultadoEjercicioView.m */; };
		F63B690E19E2B6CA00302B6C /* ResultadoEjercicio.m in Sources */ = {isa = PBXBuildFile; fileRef = F63B690D19E2B6CA00302B6C /* ResultadoEjercicio.m */; };
		F63F413A19E582EC00F5E02B /* ALTextField.m in Sources */ = {isa = PBXBuildFile; fileRef = F63F413919E582EC00F5E02B /* ALTextField.m */; };
		F63F413F19E5832600F5E02B /* ALStrokeButton.m in Sources */ = {isa = PBXBuildFile; fileRef = F63F413B19E5832600F5E02B /* ALStrokeButton.m */; };
		F63F414019E5832600F5E02B /* ALFillButton.m in Sources */ = {isa = PBXBuildFile; fileRef = F63F413D19E5832600F5E02B /* ALFillButton.m */; };
		F66ACDC619E4AFBC00DF52D8 /* RutinasListByDayViewController.m in Sources */ = {isa = PBXBuildFile; fileRef = F66ACDC519E4AFBC00DF52D8 /* RutinasListByDayViewController.m */; };
		F66E60851A799C7000792487 /* Utils.m in Sources */ = {isa = PBXBuildFile; fileRef = F66E60841A799C7000792487 /* Utils.m */; };
		F66E60891A79C38D00792487 /* MisDatosService.m in Sources */ = {isa = PBXBuildFile; fileRef = F66E60881A79C38D00792487 /* MisDatosService.m */; };
		F677408D19E4E83F0056EA16 /* RutinasHoyViewController.m in Sources */ = {isa = PBXBuildFile; fileRef = F677408C19E4E83F0056EA16 /* RutinasHoyViewController.m */; };
		F695548819E4A574009AA5A6 /* RutinaTableViewCell.m in Sources */ = {isa = PBXBuildFile; fileRef = F695548619E4A574009AA5A6 /* RutinaTableViewCell.m */; };
		F695548919E4A574009AA5A6 /* RutinaTableViewCell.xib in Resources */ = {isa = PBXBuildFile; fileRef = F695548719E4A574009AA5A6 /* RutinaTableViewCell.xib */; };
		F695548D19E4A739009AA5A6 /* RutinaService.m in Sources */ = {isa = PBXBuildFile; fileRef = F695548C19E4A739009AA5A6 /* RutinaService.m */; };
		F695549019E4A890009AA5A6 /* SesionRutina.m in Sources */ = {isa = PBXBuildFile; fileRef = F695548F19E4A890009AA5A6 /* SesionRutina.m */; };
		F6A23C3419E4A2970099F0A1 /* MisRutinasViewController.m in Sources */ = {isa = PBXBuildFile; fileRef = F6A23C3219E4A2970099F0A1 /* MisRutinasViewController.m */; };
		F6A23C3519E4A2970099F0A1 /* MisRutinasViewController.xib in Resources */ = {isa = PBXBuildFile; fileRef = F6A23C3319E4A2970099F0A1 /* MisRutinasViewController.xib */; };
		F6A23C3919E4A4B20099F0A1 /* RutinasListViewController.m in Sources */ = {isa = PBXBuildFile; fileRef = F6A23C3719E4A4B20099F0A1 /* RutinasListViewController.m */; };
		F6A23C3A19E4A4B20099F0A1 /* RutinasListViewController.xib in Resources */ = {isa = PBXBuildFile; fileRef = F6A23C3819E4A4B20099F0A1 /* RutinasListViewController.xib */; };
		F6A95FA319E5F86400F44500 /* StepCounter.m in Sources */ = {isa = PBXBuildFile; fileRef = F6A95FA219E5F86400F44500 /* StepCounter.m */; };
		F6A95FA519E5F93D00F44500 /* CoreMotion.framework in Frameworks */ = {isa = PBXBuildFile; fileRef = F6A95FA419E5F93D00F44500 /* CoreMotion.framework */; };
		F6A95FA819E5F9DC00F44500 /* GiroscopeAndAccelerometerData.m in Sources */ = {isa = PBXBuildFile; fileRef = F6A95FA619E5F9DC00F44500 /* GiroscopeAndAccelerometerData.m */; };
		F6C2E41D19E1870900538EF7 /* main.m in Sources */ = {isa = PBXBuildFile; fileRef = F6C2E41C19E1870900538EF7 /* main.m */; };
		F6C2E42019E1870900538EF7 /* AppDelegate.m in Sources */ = {isa = PBXBuildFile; fileRef = F6C2E41F19E1870900538EF7 /* AppDelegate.m */; };
		F6C2E42319E1870900538EF7 /* ViewController.m in Sources */ = {isa = PBXBuildFile; fileRef = F6C2E42219E1870900538EF7 /* ViewController.m */; };
		F6C2E42819E1870900538EF7 /* Images.xcassets in Resources */ = {isa = PBXBuildFile; fileRef = F6C2E42719E1870900538EF7 /* Images.xcassets */; };
		F6C2E42B19E1870900538EF7 /* LaunchScreen.xib in Resources */ = {isa = PBXBuildFile; fileRef = F6C2E42919E1870900538EF7 /* LaunchScreen.xib */; };
		F6C2E43719E1870900538EF7 /* AedaTests.m in Sources */ = {isa = PBXBuildFile; fileRef = F6C2E43619E1870900538EF7 /* AedaTests.m */; };
		F6C2E44819E1895B00538EF7 /* HomeMenuHeaderItem.m in Sources */ = {isa = PBXBuildFile; fileRef = F6C2E44219E1895B00538EF7 /* HomeMenuHeaderItem.m */; };
		F6C2E44919E1895B00538EF7 /* HomeMenuHeaderTableView.m in Sources */ = {isa = PBXBuildFile; fileRef = F6C2E44419E1895B00538EF7 /* HomeMenuHeaderTableView.m */; };
		F6C2E44A19E1895B00538EF7 /* HomeViewController.m in Sources */ = {isa = PBXBuildFile; fileRef = F6C2E44619E1895B00538EF7 /* HomeViewController.m */; };
		F6C2E44B19E1895B00538EF7 /* HomeViewController.xib in Resources */ = {isa = PBXBuildFile; fileRef = F6C2E44719E1895B00538EF7 /* HomeViewController.xib */; };
		F6C2E45F19E189C600538EF7 /* ALSegmentedControl.m in Sources */ = {isa = PBXBuildFile; fileRef = F6C2E44E19E189C600538EF7 /* ALSegmentedControl.m */; };
		F6C2E46019E189C600538EF7 /* ALSegmentedControl.xib in Resources */ = {isa = PBXBuildFile; fileRef = F6C2E44F19E189C600538EF7 /* ALSegmentedControl.xib */; };
		F6C2E46119E189C600538EF7 /* ALButton.m in Sources */ = {isa = PBXBuildFile; fileRef = F6C2E45119E189C600538EF7 /* ALButton.m */; };
		F6C2E46219E189C600538EF7 /* ALLabelForTableView.m in Sources */ = {isa = PBXBuildFile; fileRef = F6C2E45319E189C600538EF7 /* ALLabelForTableView.m */; };
		F6C2E46319E189C600538EF7 /* ALLabelForTableView.xib in Resources */ = {isa = PBXBuildFile; fileRef = F6C2E45419E189C600538EF7 /* ALLabelForTableView.xib */; };
		F6C2E46419E189C600538EF7 /* ALLoggedButton.m in Sources */ = {isa = PBXBuildFile; fileRef = F6C2E45619E189C600538EF7 /* ALLoggedButton.m */; };
		F6C2E46519E189C600538EF7 /* ALMenuButton.m in Sources */ = {isa = PBXBuildFile; fileRef = F6C2E45819E189C600538EF7 /* ALMenuButton.m */; };
		F6C2E46619E189C600538EF7 /* ALMessagesButton.m in Sources */ = {isa = PBXBuildFile; fileRef = F6C2E45A19E189C600538EF7 /* ALMessagesButton.m */; };
		F6C2E46719E189C600538EF7 /* ALTableView.m in Sources */ = {isa = PBXBuildFile; fileRef = F6C2E45C19E189C600538EF7 /* ALTableView.m */; };
		F6C2E46819E189C600538EF7 /* ALToolbar.m in Sources */ = {isa = PBXBuildFile; fileRef = F6C2E45E19E189C600538EF7 /* ALToolbar.m */; };
		F6C2E47219E189E100538EF7 /* NSObject+NibCreator.m in Sources */ = {isa = PBXBuildFile; fileRef = F6C2E46B19E189E100538EF7 /* NSObject+NibCreator.m */; };
		F6C2E47319E189E100538EF7 /* UIColor+ALAdditions.m in Sources */ = {isa = PBXBuildFile; fileRef = F6C2E46D19E189E100538EF7 /* UIColor+ALAdditions.m */; };
		F6C2E47419E189E100538EF7 /* UIColor+ALColor.m in Sources */ = {isa = PBXBuildFile; fileRef = F6C2E46F19E189E100538EF7 /* UIColor+ALColor.m */; };
		F6C2E47519E189E100538EF7 /* UIFont+ALFonts.m in Sources */ = {isa = PBXBuildFile; fileRef = F6C2E47119E189E100538EF7 /* UIFont+ALFonts.m */; };
		F6C2E48019E18A2D00538EF7 /* ALAuthenticationViewController.m in Sources */ = {isa = PBXBuildFile; fileRef = F6C2E47919E18A2D00538EF7 /* ALAuthenticationViewController.m */; };
		F6C2E48119E18A2D00538EF7 /* ALNavigationViewController.m in Sources */ = {isa = PBXBuildFile; fileRef = F6C2E47B19E18A2D00538EF7 /* ALNavigationViewController.m */; };
		F6C2E48219E18A2D00538EF7 /* ALViewController.m in Sources */ = {isa = PBXBuildFile; fileRef = F6C2E47D19E18A2D00538EF7 /* ALViewController.m */; };
		F6C2E48319E18A2D00538EF7 /* IPhoneRootViewController.m in Sources */ = {isa = PBXBuildFile; fileRef = F6C2E47F19E18A2D00538EF7 /* IPhoneRootViewController.m */; };
		F6C2E48A19E18A4F00538EF7 /* LoginViewController.m in Sources */ = {isa = PBXBuildFile; fileRef = F6C2E48619E18A4F00538EF7 /* LoginViewController.m */; };
		F6C2E48B19E18A4F00538EF7 /* LoginViewController.xib in Resources */ = {isa = PBXBuildFile; fileRef = F6C2E48719E18A4F00538EF7 /* LoginViewController.xib */; };
		F6C2E48C19E18A4F00538EF7 /* UserManager.m in Sources */ = {isa = PBXBuildFile; fileRef = F6C2E48919E18A4F00538EF7 /* UserManager.m */; };
		F6C2E49019E18A6500538EF7 /* User.m in Sources */ = {isa = PBXBuildFile; fileRef = F6C2E48F19E18A6500538EF7 /* User.m */; };
		F6C2E49719E18CC700538EF7 /* MisDatosTableViewHeader.m in Sources */ = {isa = PBXBuildFile; fileRef = F6C2E49319E18CC700538EF7 /* MisDatosTableViewHeader.m */; };
		F6C2E49819E18CC700538EF7 /* MisDatosTableViewHeader.xib in Resources */ = {isa = PBXBuildFile; fileRef = F6C2E49419E18CC700538EF7 /* MisDatosTableViewHeader.xib */; };
		F6C2E49919E18CC700538EF7 /* MisDatosViewController.m in Sources */ = {isa = PBXBuildFile; fileRef = F6C2E49619E18CC700538EF7 /* MisDatosViewController.m */; };
		F6C2E4A119E18CFD00538EF7 /* LoginParser.m in Sources */ = {isa = PBXBuildFile; fileRef = F6C2E49D19E18CFD00538EF7 /* LoginParser.m */; };
		F6C2E4A219E18CFD00538EF7 /* LoginService.m in Sources */ = {isa = PBXBuildFile; fileRef = F6C2E49F19E18CFD00538EF7 /* LoginService.m */; };
		F6C2E4A319E18CFD00538EF7 /* LoginServiceRequest.txt in Resources */ = {isa = PBXBuildFile; fileRef = F6C2E4A019E18CFD00538EF7 /* LoginServiceRequest.txt */; };
		F6C2E4A619E18D2900538EF7 /* GenericParser.m in Sources */ = {isa = PBXBuildFile; fileRef = F6C2E4A519E18D2900538EF7 /* GenericParser.m */; };
		F6C2E4A919E18D3500538EF7 /* RestService.m in Sources */ = {isa = PBXBuildFile; fileRef = F6C2E4A819E18D3500538EF7 /* RestService.m */; };
		F6C2E4AD19E18D9200538EF7 /* Persona.m in Sources */ = {isa = PBXBuildFile; fileRef = F6C2E4AC19E18D9200538EF7 /* Persona.m */; };
		F6C2E4C219E18E5700538EF7 /* ButtonsTableViewCell.m in Sources */ = {isa = PBXBuildFile; fileRef = F6C2E4B019E18E5700538EF7 /* ButtonsTableViewCell.m */; };
		F6C2E4C519E18E5700538EF7 /* ImageLabelTableViewCell.m in Sources */ = {isa = PBXBuildFile; fileRef = F6C2E4B519E18E5700538EF7 /* ImageLabelTableViewCell.m */; };
		F6C2E4C619E18E5700538EF7 /* ImageLabelTableViewCell.xib in Resources */ = {isa = PBXBuildFile; fileRef = F6C2E4B619E18E5700538EF7 /* ImageLabelTableViewCell.xib */; };
		F6C2E4C719E18E5700538EF7 /* LoadingNextPageView.m in Sources */ = {isa = PBXBuildFile; fileRef = F6C2E4B819E18E5700538EF7 /* LoadingNextPageView.m */; };
		F6C2E4CA19E18E5700538EF7 /* TitleTextViewTableViewCell.m in Sources */ = {isa = PBXBuildFile; fileRef = F6C2E4BD19E18E5700538EF7 /* TitleTextViewTableViewCell.m */; };
		F6C2E4CB19E18E5700538EF7 /* TitleTextViewTableViewCell.xib in Resources */ = {isa = PBXBuildFile; fileRef = F6C2E4BE19E18E5700538EF7 /* TitleTextViewTableViewCell.xib */; };
		F6C2E4D119E18EAA00538EF7 /* OrderedDictionary.m in Sources */ = {isa = PBXBuildFile; fileRef = F6C2E4CF19E18EAA00538EF7 /* OrderedDictionary.m */; };
		F6CB386E19E1CADA00CA1A7D /* RutinaViewController.m in Sources */ = {isa = PBXBuildFile; fileRef = F6CB386C19E1CADA00CA1A7D /* RutinaViewController.m */; };
		F6CB386F19E1CADA00CA1A7D /* RutinaViewController.xib in Resources */ = {isa = PBXBuildFile; fileRef = F6CB386D19E1CADA00CA1A7D /* RutinaViewController.xib */; };
		F6CB387219E1CD9800CA1A7D /* ResultadoRutina.m in Sources */ = {isa = PBXBuildFile; fileRef = F6CB387119E1CD9800CA1A7D /* ResultadoRutina.m */; };
		F6CB387519E1CDA500CA1A7D /* Rutina.m in Sources */ = {isa = PBXBuildFile; fileRef = F6CB387419E1CDA500CA1A7D /* Rutina.m */; };
		F6CB387819E1CDE800CA1A7D /* Ejercicio.m in Sources */ = {isa = PBXBuildFile; fileRef = F6CB387719E1CDE800CA1A7D /* Ejercicio.m */; };
		F6CB387C19E1D34800CA1A7D /* SeguimientoViewController.m in Sources */ = {isa = PBXBuildFile; fileRef = F6CB387B19E1D34800CA1A7D /* SeguimientoViewController.m */; };
		F6CB388019E1D3B500CA1A7D /* ResultadoRutinaTableViewCell.m in Sources */ = {isa = PBXBuildFile; fileRef = F6CB387E19E1D3B500CA1A7D /* ResultadoRutinaTableViewCell.m */; };
		F6CB388119E1D3B500CA1A7D /* ResultadoRutinaTableViewCell.xib in Resources */ = {isa = PBXBuildFile; fileRef = F6CB387F19E1D3B500CA1A7D /* ResultadoRutinaTableViewCell.xib */; };
		F6CB388419E1D3D200CA1A7D /* Barra.m in Sources */ = {isa = PBXBuildFile; fileRef = F6CB388319E1D3D200CA1A7D /* Barra.m */; };
		F6CB388619E1D52100CA1A7D /* QuartzCore.framework in Frameworks */ = {isa = PBXBuildFile; fileRef = F6CB388519E1D52100CA1A7D /* QuartzCore.framework */; };
		F6CB388A19E1E22B00CA1A7D /* ResultadoRutinaService.m in Sources */ = {isa = PBXBuildFile; fileRef = F6CB388919E1E22B00CA1A7D /* ResultadoRutinaService.m */; };
		F6CF392419E5631D000E03BA /* EjercicioView.m in Sources */ = {isa = PBXBuildFile; fileRef = F6CF392219E5631D000E03BA /* EjercicioView.m */; };
		F6CF392519E5631D000E03BA /* EjercicioView.xib in Resources */ = {isa = PBXBuildFile; fileRef = F6CF392319E5631D000E03BA /* EjercicioView.xib */; };
		F6DAFB911A98DAFF0097331F /* MisDatosParser.m in Sources */ = {isa = PBXBuildFile; fileRef = F6DAFB901A98DAFF0097331F /* MisDatosParser.m */; };
		F6DAFB941A98DBAA0097331F /* AEDAModel.m in Sources */ = {isa = PBXBuildFile; fileRef = F6DAFB931A98DBAA0097331F /* AEDAModel.m */; settings = {COMPILER_FLAGS = "-fno-objc-arc"; }; };
		F6F8985B19E81E3A007B5E1B /* EstadoPersonaView.m in Sources */ = {isa = PBXBuildFile; fileRef = F6F8985A19E81E3A007B5E1B /* EstadoPersonaView.m */; };
		F6F8985D19E81E53007B5E1B /* EstadoPersonaView.xib in Resources */ = {isa = PBXBuildFile; fileRef = F6F8985C19E81E53007B5E1B /* EstadoPersonaView.xib */; };
		F6F8986019E82373007B5E1B /* EstadoPersona.m in Sources */ = {isa = PBXBuildFile; fileRef = F6F8985F19E82373007B5E1B /* EstadoPersona.m */; };
/* End PBXBuildFile section */

/* Begin PBXContainerItemProxy section */
		F6C2E43119E1870900538EF7 /* PBXContainerItemProxy */ = {
			isa = PBXContainerItemProxy;
			containerPortal = F6C2E40F19E1870900538EF7 /* Project object */;
			proxyType = 1;
			remoteGlobalIDString = F6C2E41619E1870900538EF7;
			remoteInfo = Aeda;
		};
/* End PBXContainerItemProxy section */

/* Begin PBXFileReference section */
		ABFC7F0D7BCE4643B151466F /* libPods-Aeda.a */ = {isa = PBXFileReference; explicitFileType = archive.ar; includeInIndex = 0; path = "libPods-Aeda.a"; sourceTree = BUILT_PRODUCTS_DIR; };
		D6F2F05B40354C27A864F90A /* Pods-Aeda.xcconfig */ = {isa = PBXFileReference; includeInIndex = 1; lastKnownFileType = text.xcconfig; name = "Pods-Aeda.xcconfig"; path = "Pods/Pods-Aeda.xcconfig"; sourceTree = "<group>"; };
		F6010A2119E5B1BC00B076BF /* RutinaEnProgresoViewController.h */ = {isa = PBXFileReference; fileEncoding = 4; lastKnownFileType = sourcecode.c.h; path = RutinaEnProgresoViewController.h; sourceTree = "<group>"; };
		F6010A2219E5B1BC00B076BF /* RutinaEnProgresoViewController.m */ = {isa = PBXFileReference; fileEncoding = 4; lastKnownFileType = sourcecode.c.objc; path = RutinaEnProgresoViewController.m; sourceTree = "<group>"; };
		F6010A2319E5B1BC00B076BF /* RutinaEnProgresoViewController.xib */ = {isa = PBXFileReference; fileEncoding = 4; lastKnownFileType = file.xib; path = RutinaEnProgresoViewController.xib; sourceTree = "<group>"; };
		F62D522C19E311E800EF01FB /* ResultadoRepeticionView.h */ = {isa = PBXFileReference; fileEncoding = 4; lastKnownFileType = sourcecode.c.h; path = ResultadoRepeticionView.h; sourceTree = "<group>"; };
		F62D522D19E311E800EF01FB /* ResultadoRepeticionView.m */ = {isa = PBXFileReference; fileEncoding = 4; lastKnownFileType = sourcecode.c.objc; path = ResultadoRepeticionView.m; sourceTree = "<group>"; };
		F630C12019E5C55000B6449B /* HeartRate.h */ = {isa = PBXFileReference; fileEncoding = 4; lastKnownFileType = sourcecode.c.h; path = HeartRate.h; sourceTree = "<group>"; };
		F630C12119E5C55000B6449B /* HeartRate.m */ = {isa = PBXFileReference; fileEncoding = 4; lastKnownFileType = sourcecode.c.objc; path = HeartRate.m; sourceTree = "<group>"; };
		F63B690619E2B28500302B6C /* ResultadoRutinaViewController.h */ = {isa = PBXFileReference; fileEncoding = 4; lastKnownFileType = sourcecode.c.h; path = ResultadoRutinaViewController.h; sourceTree = "<group>"; };
		F63B690719E2B28500302B6C /* ResultadoRutinaViewController.m */ = {isa = PBXFileReference; fileEncoding = 4; lastKnownFileType = sourcecode.c.objc; path = ResultadoRutinaViewController.m; sourceTree = "<group>"; };
		F63B690919E2B2E000302B6C /* ResultadoEjercicioView.h */ = {isa = PBXFileReference; fileEncoding = 4; lastKnownFileType = sourcecode.c.h; path = ResultadoEjercicioView.h; sourceTree = "<group>"; };
		F63B690A19E2B2E000302B6C /* ResultadoEjercicioView.m */ = {isa = PBXFileReference; fileEncoding = 4; lastKnownFileType = sourcecode.c.objc; path = ResultadoEjercicioView.m; sourceTree = "<group>"; };
		F63B690C19E2B6CA00302B6C /* ResultadoEjercicio.h */ = {isa = PBXFileReference; fileEncoding = 4; lastKnownFileType = sourcecode.c.h; path = ResultadoEjercicio.h; sourceTree = "<group>"; };
		F63B690D19E2B6CA00302B6C /* ResultadoEjercicio.m */ = {isa = PBXFileReference; fileEncoding = 4; lastKnownFileType = sourcecode.c.objc; path = ResultadoEjercicio.m; sourceTree = "<group>"; };
		F63F413819E582EC00F5E02B /* ALTextField.h */ = {isa = PBXFileReference; fileEncoding = 4; lastKnownFileType = sourcecode.c.h; path = ALTextField.h; sourceTree = "<group>"; };
		F63F413919E582EC00F5E02B /* ALTextField.m */ = {isa = PBXFileReference; fileEncoding = 4; lastKnownFileType = sourcecode.c.objc; path = ALTextField.m; sourceTree = "<group>"; };
		F63F413B19E5832600F5E02B /* ALStrokeButton.m */ = {isa = PBXFileReference; fileEncoding = 4; lastKnownFileType = sourcecode.c.objc; path = ALStrokeButton.m; sourceTree = "<group>"; };
		F63F413C19E5832600F5E02B /* ALFillButton.h */ = {isa = PBXFileReference; fileEncoding = 4; lastKnownFileType = sourcecode.c.h; path = ALFillButton.h; sourceTree = "<group>"; };
		F63F413D19E5832600F5E02B /* ALFillButton.m */ = {isa = PBXFileReference; fileEncoding = 4; lastKnownFileType = sourcecode.c.objc; path = ALFillButton.m; sourceTree = "<group>"; };
		F63F413E19E5832600F5E02B /* ALStrokeButton.h */ = {isa = PBXFileReference; fileEncoding = 4; lastKnownFileType = sourcecode.c.h; path = ALStrokeButton.h; sourceTree = "<group>"; };
		F66ACDC419E4AFBC00DF52D8 /* RutinasListByDayViewController.h */ = {isa = PBXFileReference; fileEncoding = 4; lastKnownFileType = sourcecode.c.h; path = RutinasListByDayViewController.h; sourceTree = "<group>"; };
		F66ACDC519E4AFBC00DF52D8 /* RutinasListByDayViewController.m */ = {isa = PBXFileReference; fileEncoding = 4; lastKnownFileType = sourcecode.c.objc; path = RutinasListByDayViewController.m; sourceTree = "<group>"; };
		F66E60831A799C7000792487 /* Utils.h */ = {isa = PBXFileReference; fileEncoding = 4; lastKnownFileType = sourcecode.c.h; path = Utils.h; sourceTree = "<group>"; };
		F66E60841A799C7000792487 /* Utils.m */ = {isa = PBXFileReference; fileEncoding = 4; lastKnownFileType = sourcecode.c.objc; path = Utils.m; sourceTree = "<group>"; };
		F66E60871A79C38D00792487 /* MisDatosService.h */ = {isa = PBXFileReference; fileEncoding = 4; lastKnownFileType = sourcecode.c.h; path = MisDatosService.h; sourceTree = "<group>"; };
		F66E60881A79C38D00792487 /* MisDatosService.m */ = {isa = PBXFileReference; fileEncoding = 4; lastKnownFileType = sourcecode.c.objc; path = MisDatosService.m; sourceTree = "<group>"; };
		F677408B19E4E83F0056EA16 /* RutinasHoyViewController.h */ = {isa = PBXFileReference; fileEncoding = 4; lastKnownFileType = sourcecode.c.h; path = RutinasHoyViewController.h; sourceTree = "<group>"; };
		F677408C19E4E83F0056EA16 /* RutinasHoyViewController.m */ = {isa = PBXFileReference; fileEncoding = 4; lastKnownFileType = sourcecode.c.objc; path = RutinasHoyViewController.m; sourceTree = "<group>"; };
		F695548519E4A574009AA5A6 /* RutinaTableViewCell.h */ = {isa = PBXFileReference; fileEncoding = 4; lastKnownFileType = sourcecode.c.h; path = RutinaTableViewCell.h; sourceTree = "<group>"; };
		F695548619E4A574009AA5A6 /* RutinaTableViewCell.m */ = {isa = PBXFileReference; fileEncoding = 4; lastKnownFileType = sourcecode.c.objc; path = RutinaTableViewCell.m; sourceTree = "<group>"; };
		F695548719E4A574009AA5A6 /* RutinaTableViewCell.xib */ = {isa = PBXFileReference; fileEncoding = 4; lastKnownFileType = file.xib; path = RutinaTableViewCell.xib; sourceTree = "<group>"; };
		F695548B19E4A739009AA5A6 /* RutinaService.h */ = {isa = PBXFileReference; fileEncoding = 4; lastKnownFileType = sourcecode.c.h; path = RutinaService.h; sourceTree = "<group>"; };
		F695548C19E4A739009AA5A6 /* RutinaService.m */ = {isa = PBXFileReference; fileEncoding = 4; lastKnownFileType = sourcecode.c.objc; path = RutinaService.m; sourceTree = "<group>"; };
		F695548E19E4A890009AA5A6 /* SesionRutina.h */ = {isa = PBXFileReference; fileEncoding = 4; lastKnownFileType = sourcecode.c.h; path = SesionRutina.h; sourceTree = "<group>"; };
		F695548F19E4A890009AA5A6 /* SesionRutina.m */ = {isa = PBXFileReference; fileEncoding = 4; lastKnownFileType = sourcecode.c.objc; path = SesionRutina.m; sourceTree = "<group>"; };
		F6A23C3119E4A2970099F0A1 /* MisRutinasViewController.h */ = {isa = PBXFileReference; fileEncoding = 4; lastKnownFileType = sourcecode.c.h; path = MisRutinasViewController.h; sourceTree = "<group>"; };
		F6A23C3219E4A2970099F0A1 /* MisRutinasViewController.m */ = {isa = PBXFileReference; fileEncoding = 4; lastKnownFileType = sourcecode.c.objc; path = MisRutinasViewController.m; sourceTree = "<group>"; };
		F6A23C3319E4A2970099F0A1 /* MisRutinasViewController.xib */ = {isa = PBXFileReference; fileEncoding = 4; lastKnownFileType = file.xib; path = MisRutinasViewController.xib; sourceTree = "<group>"; };
		F6A23C3619E4A4B20099F0A1 /* RutinasListViewController.h */ = {isa = PBXFileReference; fileEncoding = 4; lastKnownFileType = sourcecode.c.h; path = RutinasListViewController.h; sourceTree = "<group>"; };
		F6A23C3719E4A4B20099F0A1 /* RutinasListViewController.m */ = {isa = PBXFileReference; fileEncoding = 4; lastKnownFileType = sourcecode.c.objc; path = RutinasListViewController.m; sourceTree = "<group>"; };
		F6A23C3819E4A4B20099F0A1 /* RutinasListViewController.xib */ = {isa = PBXFileReference; fileEncoding = 4; lastKnownFileType = file.xib; path = RutinasListViewController.xib; sourceTree = "<group>"; };
		F6A95FA119E5F86400F44500 /* StepCounter.h */ = {isa = PBXFileReference; fileEncoding = 4; lastKnownFileType = sourcecode.c.h; path = StepCounter.h; sourceTree = "<group>"; };
		F6A95FA219E5F86400F44500 /* StepCounter.m */ = {isa = PBXFileReference; fileEncoding = 4; lastKnownFileType = sourcecode.c.objc; path = StepCounter.m; sourceTree = "<group>"; };
		F6A95FA419E5F93D00F44500 /* CoreMotion.framework */ = {isa = PBXFileReference; lastKnownFileType = wrapper.framework; name = CoreMotion.framework; path = System/Library/Frameworks/CoreMotion.framework; sourceTree = SDKROOT; };
		F6A95FA619E5F9DC00F44500 /* GiroscopeAndAccelerometerData.m */ = {isa = PBXFileReference; fileEncoding = 4; lastKnownFileType = sourcecode.c.objc; path = GiroscopeAndAccelerometerData.m; sourceTree = "<group>"; };
		F6A95FA719E5F9DC00F44500 /* GiroscopeAndAccelerometerData.h */ = {isa = PBXFileReference; fileEncoding = 4; lastKnownFileType = sourcecode.c.h; path = GiroscopeAndAccelerometerData.h; sourceTree = "<group>"; };
		F6C2E41719E1870900538EF7 /* Aeda.app */ = {isa = PBXFileReference; explicitFileType = wrapper.application; includeInIndex = 0; path = Aeda.app; sourceTree = BUILT_PRODUCTS_DIR; };
		F6C2E41B19E1870900538EF7 /* Info.plist */ = {isa = PBXFileReference; lastKnownFileType = text.plist.xml; path = Info.plist; sourceTree = "<group>"; };
		F6C2E41C19E1870900538EF7 /* main.m */ = {isa = PBXFileReference; lastKnownFileType = sourcecode.c.objc; path = main.m; sourceTree = "<group>"; };
		F6C2E41E19E1870900538EF7 /* AppDelegate.h */ = {isa = PBXFileReference; lastKnownFileType = sourcecode.c.h; path = AppDelegate.h; sourceTree = "<group>"; };
		F6C2E41F19E1870900538EF7 /* AppDelegate.m */ = {isa = PBXFileReference; lastKnownFileType = sourcecode.c.objc; path = AppDelegate.m; sourceTree = "<group>"; };
		F6C2E42119E1870900538EF7 /* ViewController.h */ = {isa = PBXFileReference; lastKnownFileType = sourcecode.c.h; path = ViewController.h; sourceTree = "<group>"; };
		F6C2E42219E1870900538EF7 /* ViewController.m */ = {isa = PBXFileReference; lastKnownFileType = sourcecode.c.objc; path = ViewController.m; sourceTree = "<group>"; };
		F6C2E42719E1870900538EF7 /* Images.xcassets */ = {isa = PBXFileReference; lastKnownFileType = folder.assetcatalog; path = Images.xcassets; sourceTree = "<group>"; };
		F6C2E42A19E1870900538EF7 /* Base */ = {isa = PBXFileReference; lastKnownFileType = file.xib; name = Base; path = Base.lproj/LaunchScreen.xib; sourceTree = "<group>"; };
		F6C2E43019E1870900538EF7 /* AedaTests.xctest */ = {isa = PBXFileReference; explicitFileType = wrapper.cfbundle; includeInIndex = 0; path = AedaTests.xctest; sourceTree = BUILT_PRODUCTS_DIR; };
		F6C2E43519E1870900538EF7 /* Info.plist */ = {isa = PBXFileReference; lastKnownFileType = text.plist.xml; path = Info.plist; sourceTree = "<group>"; };
		F6C2E43619E1870900538EF7 /* AedaTests.m */ = {isa = PBXFileReference; lastKnownFileType = sourcecode.c.objc; path = AedaTests.m; sourceTree = "<group>"; };
		F6C2E44119E1895B00538EF7 /* HomeMenuHeaderItem.h */ = {isa = PBXFileReference; fileEncoding = 4; lastKnownFileType = sourcecode.c.h; path = HomeMenuHeaderItem.h; sourceTree = "<group>"; };
		F6C2E44219E1895B00538EF7 /* HomeMenuHeaderItem.m */ = {isa = PBXFileReference; fileEncoding = 4; lastKnownFileType = sourcecode.c.objc; path = HomeMenuHeaderItem.m; sourceTree = "<group>"; };
		F6C2E44319E1895B00538EF7 /* HomeMenuHeaderTableView.h */ = {isa = PBXFileReference; fileEncoding = 4; lastKnownFileType = sourcecode.c.h; path = HomeMenuHeaderTableView.h; sourceTree = "<group>"; };
		F6C2E44419E1895B00538EF7 /* HomeMenuHeaderTableView.m */ = {isa = PBXFileReference; fileEncoding = 4; lastKnownFileType = sourcecode.c.objc; path = HomeMenuHeaderTableView.m; sourceTree = "<group>"; };
		F6C2E44519E1895B00538EF7 /* HomeViewController.h */ = {isa = PBXFileReference; fileEncoding = 4; lastKnownFileType = sourcecode.c.h; path = HomeViewController.h; sourceTree = "<group>"; };
		F6C2E44619E1895B00538EF7 /* HomeViewController.m */ = {isa = PBXFileReference; fileEncoding = 4; lastKnownFileType = sourcecode.c.objc; path = HomeViewController.m; sourceTree = "<group>"; };
		F6C2E44719E1895B00538EF7 /* HomeViewController.xib */ = {isa = PBXFileReference; fileEncoding = 4; lastKnownFileType = file.xib; path = HomeViewController.xib; sourceTree = "<group>"; };
		F6C2E44D19E189C600538EF7 /* ALSegmentedControl.h */ = {isa = PBXFileReference; fileEncoding = 4; lastKnownFileType = sourcecode.c.h; path = ALSegmentedControl.h; sourceTree = "<group>"; };
		F6C2E44E19E189C600538EF7 /* ALSegmentedControl.m */ = {isa = PBXFileReference; fileEncoding = 4; lastKnownFileType = sourcecode.c.objc; path = ALSegmentedControl.m; sourceTree = "<group>"; };
		F6C2E44F19E189C600538EF7 /* ALSegmentedControl.xib */ = {isa = PBXFileReference; fileEncoding = 4; lastKnownFileType = file.xib; path = ALSegmentedControl.xib; sourceTree = "<group>"; };
		F6C2E45019E189C600538EF7 /* ALButton.h */ = {isa = PBXFileReference; fileEncoding = 4; lastKnownFileType = sourcecode.c.h; path = ALButton.h; sourceTree = "<group>"; };
		F6C2E45119E189C600538EF7 /* ALButton.m */ = {isa = PBXFileReference; fileEncoding = 4; lastKnownFileType = sourcecode.c.objc; path = ALButton.m; sourceTree = "<group>"; };
		F6C2E45219E189C600538EF7 /* ALLabelForTableView.h */ = {isa = PBXFileReference; fileEncoding = 4; lastKnownFileType = sourcecode.c.h; path = ALLabelForTableView.h; sourceTree = "<group>"; };
		F6C2E45319E189C600538EF7 /* ALLabelForTableView.m */ = {isa = PBXFileReference; fileEncoding = 4; lastKnownFileType = sourcecode.c.objc; path = ALLabelForTableView.m; sourceTree = "<group>"; };
		F6C2E45419E189C600538EF7 /* ALLabelForTableView.xib */ = {isa = PBXFileReference; fileEncoding = 4; lastKnownFileType = file.xib; path = ALLabelForTableView.xib; sourceTree = "<group>"; };
		F6C2E45519E189C600538EF7 /* ALLoggedButton.h */ = {isa = PBXFileReference; fileEncoding = 4; lastKnownFileType = sourcecode.c.h; path = ALLoggedButton.h; sourceTree = "<group>"; };
		F6C2E45619E189C600538EF7 /* ALLoggedButton.m */ = {isa = PBXFileReference; fileEncoding = 4; lastKnownFileType = sourcecode.c.objc; path = ALLoggedButton.m; sourceTree = "<group>"; };
		F6C2E45719E189C600538EF7 /* ALMenuButton.h */ = {isa = PBXFileReference; fileEncoding = 4; lastKnownFileType = sourcecode.c.h; path = ALMenuButton.h; sourceTree = "<group>"; };
		F6C2E45819E189C600538EF7 /* ALMenuButton.m */ = {isa = PBXFileReference; fileEncoding = 4; lastKnownFileType = sourcecode.c.objc; path = ALMenuButton.m; sourceTree = "<group>"; };
		F6C2E45919E189C600538EF7 /* ALMessagesButton.h */ = {isa = PBXFileReference; fileEncoding = 4; lastKnownFileType = sourcecode.c.h; path = ALMessagesButton.h; sourceTree = "<group>"; };
		F6C2E45A19E189C600538EF7 /* ALMessagesButton.m */ = {isa = PBXFileReference; fileEncoding = 4; lastKnownFileType = sourcecode.c.objc; path = ALMessagesButton.m; sourceTree = "<group>"; };
		F6C2E45B19E189C600538EF7 /* ALTableView.h */ = {isa = PBXFileReference; fileEncoding = 4; lastKnownFileType = sourcecode.c.h; path = ALTableView.h; sourceTree = "<group>"; };
		F6C2E45C19E189C600538EF7 /* ALTableView.m */ = {isa = PBXFileReference; fileEncoding = 4; lastKnownFileType = sourcecode.c.objc; path = ALTableView.m; sourceTree = "<group>"; };
		F6C2E45D19E189C600538EF7 /* ALToolbar.h */ = {isa = PBXFileReference; fileEncoding = 4; lastKnownFileType = sourcecode.c.h; path = ALToolbar.h; sourceTree = "<group>"; };
		F6C2E45E19E189C600538EF7 /* ALToolbar.m */ = {isa = PBXFileReference; fileEncoding = 4; lastKnownFileType = sourcecode.c.objc; path = ALToolbar.m; sourceTree = "<group>"; };
		F6C2E46A19E189E100538EF7 /* NSObject+NibCreator.h */ = {isa = PBXFileReference; fileEncoding = 4; lastKnownFileType = sourcecode.c.h; path = "NSObject+NibCreator.h"; sourceTree = "<group>"; };
		F6C2E46B19E189E100538EF7 /* NSObject+NibCreator.m */ = {isa = PBXFileReference; fileEncoding = 4; lastKnownFileType = sourcecode.c.objc; path = "NSObject+NibCreator.m"; sourceTree = "<group>"; };
		F6C2E46C19E189E100538EF7 /* UIColor+ALAdditions.h */ = {isa = PBXFileReference; fileEncoding = 4; lastKnownFileType = sourcecode.c.h; path = "UIColor+ALAdditions.h"; sourceTree = "<group>"; };
		F6C2E46D19E189E100538EF7 /* UIColor+ALAdditions.m */ = {isa = PBXFileReference; fileEncoding = 4; lastKnownFileType = sourcecode.c.objc; path = "UIColor+ALAdditions.m"; sourceTree = "<group>"; };
		F6C2E46E19E189E100538EF7 /* UIColor+ALColor.h */ = {isa = PBXFileReference; fileEncoding = 4; lastKnownFileType = sourcecode.c.h; path = "UIColor+ALColor.h"; sourceTree = "<group>"; };
		F6C2E46F19E189E100538EF7 /* UIColor+ALColor.m */ = {isa = PBXFileReference; fileEncoding = 4; lastKnownFileType = sourcecode.c.objc; path = "UIColor+ALColor.m"; sourceTree = "<group>"; };
		F6C2E47019E189E100538EF7 /* UIFont+ALFonts.h */ = {isa = PBXFileReference; fileEncoding = 4; lastKnownFileType = sourcecode.c.h; path = "UIFont+ALFonts.h"; sourceTree = "<group>"; };
		F6C2E47119E189E100538EF7 /* UIFont+ALFonts.m */ = {isa = PBXFileReference; fileEncoding = 4; lastKnownFileType = sourcecode.c.objc; path = "UIFont+ALFonts.m"; sourceTree = "<group>"; };
		F6C2E47819E18A2D00538EF7 /* ALAuthenticationViewController.h */ = {isa = PBXFileReference; fileEncoding = 4; lastKnownFileType = sourcecode.c.h; path = ALAuthenticationViewController.h; sourceTree = "<group>"; };
		F6C2E47919E18A2D00538EF7 /* ALAuthenticationViewController.m */ = {isa = PBXFileReference; fileEncoding = 4; lastKnownFileType = sourcecode.c.objc; path = ALAuthenticationViewController.m; sourceTree = "<group>"; };
		F6C2E47A19E18A2D00538EF7 /* ALNavigationViewController.h */ = {isa = PBXFileReference; fileEncoding = 4; lastKnownFileType = sourcecode.c.h; path = ALNavigationViewController.h; sourceTree = "<group>"; };
		F6C2E47B19E18A2D00538EF7 /* ALNavigationViewController.m */ = {isa = PBXFileReference; fileEncoding = 4; lastKnownFileType = sourcecode.c.objc; path = ALNavigationViewController.m; sourceTree = "<group>"; };
		F6C2E47C19E18A2D00538EF7 /* ALViewController.h */ = {isa = PBXFileReference; fileEncoding = 4; lastKnownFileType = sourcecode.c.h; path = ALViewController.h; sourceTree = "<group>"; };
		F6C2E47D19E18A2D00538EF7 /* ALViewController.m */ = {isa = PBXFileReference; fileEncoding = 4; lastKnownFileType = sourcecode.c.objc; path = ALViewController.m; sourceTree = "<group>"; };
		F6C2E47E19E18A2D00538EF7 /* IPhoneRootViewController.h */ = {isa = PBXFileReference; fileEncoding = 4; lastKnownFileType = sourcecode.c.h; path = IPhoneRootViewController.h; sourceTree = "<group>"; };
		F6C2E47F19E18A2D00538EF7 /* IPhoneRootViewController.m */ = {isa = PBXFileReference; fileEncoding = 4; lastKnownFileType = sourcecode.c.objc; path = IPhoneRootViewController.m; sourceTree = "<group>"; };
		F6C2E48519E18A4F00538EF7 /* LoginViewController.h */ = {isa = PBXFileReference; fileEncoding = 4; lastKnownFileType = sourcecode.c.h; path = LoginViewController.h; sourceTree = "<group>"; };
		F6C2E48619E18A4F00538EF7 /* LoginViewController.m */ = {isa = PBXFileReference; fileEncoding = 4; lastKnownFileType = sourcecode.c.objc; path = LoginViewController.m; sourceTree = "<group>"; };
		F6C2E48719E18A4F00538EF7 /* LoginViewController.xib */ = {isa = PBXFileReference; fileEncoding = 4; lastKnownFileType = file.xib; path = LoginViewController.xib; sourceTree = "<group>"; };
		F6C2E48819E18A4F00538EF7 /* UserManager.h */ = {isa = PBXFileReference; fileEncoding = 4; lastKnownFileType = sourcecode.c.h; path = UserManager.h; sourceTree = "<group>"; };
		F6C2E48919E18A4F00538EF7 /* UserManager.m */ = {isa = PBXFileReference; fileEncoding = 4; lastKnownFileType = sourcecode.c.objc; path = UserManager.m; sourceTree = "<group>"; };
		F6C2E48E19E18A6500538EF7 /* User.h */ = {isa = PBXFileReference; fileEncoding = 4; lastKnownFileType = sourcecode.c.h; path = User.h; sourceTree = "<group>"; };
		F6C2E48F19E18A6500538EF7 /* User.m */ = {isa = PBXFileReference; fileEncoding = 4; lastKnownFileType = sourcecode.c.objc; path = User.m; sourceTree = "<group>"; };
		F6C2E49219E18CC700538EF7 /* MisDatosTableViewHeader.h */ = {isa = PBXFileReference; fileEncoding = 4; lastKnownFileType = sourcecode.c.h; path = MisDatosTableViewHeader.h; sourceTree = "<group>"; };
		F6C2E49319E18CC700538EF7 /* MisDatosTableViewHeader.m */ = {isa = PBXFileReference; fileEncoding = 4; lastKnownFileType = sourcecode.c.objc; path = MisDatosTableViewHeader.m; sourceTree = "<group>"; };
		F6C2E49419E18CC700538EF7 /* MisDatosTableViewHeader.xib */ = {isa = PBXFileReference; fileEncoding = 4; lastKnownFileType = file.xib; path = MisDatosTableViewHeader.xib; sourceTree = "<group>"; };
		F6C2E49519E18CC700538EF7 /* MisDatosViewController.h */ = {isa = PBXFileReference; fileEncoding = 4; lastKnownFileType = sourcecode.c.h; path = MisDatosViewController.h; sourceTree = "<group>"; };
		F6C2E49619E18CC700538EF7 /* MisDatosViewController.m */ = {isa = PBXFileReference; fileEncoding = 4; lastKnownFileType = sourcecode.c.objc; path = MisDatosViewController.m; sourceTree = "<group>"; };
		F6C2E49C19E18CFD00538EF7 /* LoginParser.h */ = {isa = PBXFileReference; fileEncoding = 4; lastKnownFileType = sourcecode.c.h; path = LoginParser.h; sourceTree = "<group>"; };
		F6C2E49D19E18CFD00538EF7 /* LoginParser.m */ = {isa = PBXFileReference; fileEncoding = 4; lastKnownFileType = sourcecode.c.objc; path = LoginParser.m; sourceTree = "<group>"; };
		F6C2E49E19E18CFD00538EF7 /* LoginService.h */ = {isa = PBXFileReference; fileEncoding = 4; lastKnownFileType = sourcecode.c.h; path = LoginService.h; sourceTree = "<group>"; };
		F6C2E49F19E18CFD00538EF7 /* LoginService.m */ = {isa = PBXFileReference; fileEncoding = 4; lastKnownFileType = sourcecode.c.objc; path = LoginService.m; sourceTree = "<group>"; };
		F6C2E4A019E18CFD00538EF7 /* LoginServiceRequest.txt */ = {isa = PBXFileReference; fileEncoding = 4; lastKnownFileType = text; path = LoginServiceRequest.txt; sourceTree = "<group>"; };
		F6C2E4A419E18D2900538EF7 /* GenericParser.h */ = {isa = PBXFileReference; fileEncoding = 4; lastKnownFileType = sourcecode.c.h; path = GenericParser.h; sourceTree = "<group>"; };
		F6C2E4A519E18D2900538EF7 /* GenericParser.m */ = {isa = PBXFileReference; fileEncoding = 4; lastKnownFileType = sourcecode.c.objc; path = GenericParser.m; sourceTree = "<group>"; };
		F6C2E4A719E18D3500538EF7 /* RestService.h */ = {isa = PBXFileReference; fileEncoding = 4; lastKnownFileType = sourcecode.c.h; path = RestService.h; sourceTree = "<group>"; };
		F6C2E4A819E18D3500538EF7 /* RestService.m */ = {isa = PBXFileReference; fileEncoding = 4; lastKnownFileType = sourcecode.c.objc; path = RestService.m; sourceTree = "<group>"; };
		F6C2E4AB19E18D9200538EF7 /* Persona.h */ = {isa = PBXFileReference; fileEncoding = 4; lastKnownFileType = sourcecode.c.h; path = Persona.h; sourceTree = "<group>"; };
		F6C2E4AC19E18D9200538EF7 /* Persona.m */ = {isa = PBXFileReference; fileEncoding = 4; lastKnownFileType = sourcecode.c.objc; path = Persona.m; sourceTree = "<group>"; };
		F6C2E4AF19E18E5700538EF7 /* ButtonsTableViewCell.h */ = {isa = PBXFileReference; fileEncoding = 4; lastKnownFileType = sourcecode.c.h; path = ButtonsTableViewCell.h; sourceTree = "<group>"; };
		F6C2E4B019E18E5700538EF7 /* ButtonsTableViewCell.m */ = {isa = PBXFileReference; fileEncoding = 4; lastKnownFileType = sourcecode.c.objc; path = ButtonsTableViewCell.m; sourceTree = "<group>"; };
		F6C2E4B419E18E5700538EF7 /* ImageLabelTableViewCell.h */ = {isa = PBXFileReference; fileEncoding = 4; lastKnownFileType = sourcecode.c.h; path = ImageLabelTableViewCell.h; sourceTree = "<group>"; };
		F6C2E4B519E18E5700538EF7 /* ImageLabelTableViewCell.m */ = {isa = PBXFileReference; fileEncoding = 4; lastKnownFileType = sourcecode.c.objc; path = ImageLabelTableViewCell.m; sourceTree = "<group>"; };
		F6C2E4B619E18E5700538EF7 /* ImageLabelTableViewCell.xib */ = {isa = PBXFileReference; fileEncoding = 4; lastKnownFileType = file.xib; path = ImageLabelTableViewCell.xib; sourceTree = "<group>"; };
		F6C2E4B719E18E5700538EF7 /* LoadingNextPageView.h */ = {isa = PBXFileReference; fileEncoding = 4; lastKnownFileType = sourcecode.c.h; path = LoadingNextPageView.h; sourceTree = "<group>"; };
		F6C2E4B819E18E5700538EF7 /* LoadingNextPageView.m */ = {isa = PBXFileReference; fileEncoding = 4; lastKnownFileType = sourcecode.c.objc; path = LoadingNextPageView.m; sourceTree = "<group>"; };
		F6C2E4BC19E18E5700538EF7 /* TitleTextViewTableViewCell.h */ = {isa = PBXFileReference; fileEncoding = 4; lastKnownFileType = sourcecode.c.h; path = TitleTextViewTableViewCell.h; sourceTree = "<group>"; };
		F6C2E4BD19E18E5700538EF7 /* TitleTextViewTableViewCell.m */ = {isa = PBXFileReference; fileEncoding = 4; lastKnownFileType = sourcecode.c.objc; path = TitleTextViewTableViewCell.m; sourceTree = "<group>"; };
		F6C2E4BE19E18E5700538EF7 /* TitleTextViewTableViewCell.xib */ = {isa = PBXFileReference; fileEncoding = 4; lastKnownFileType = file.xib; path = TitleTextViewTableViewCell.xib; sourceTree = "<group>"; };
		F6C2E4CE19E18EAA00538EF7 /* OrderedDictionary.h */ = {isa = PBXFileReference; fileEncoding = 4; lastKnownFileType = sourcecode.c.h; path = OrderedDictionary.h; sourceTree = "<group>"; };
		F6C2E4CF19E18EAA00538EF7 /* OrderedDictionary.m */ = {isa = PBXFileReference; fileEncoding = 4; lastKnownFileType = sourcecode.c.objc; path = OrderedDictionary.m; sourceTree = "<group>"; };
		F6CB386B19E1CADA00CA1A7D /* RutinaViewController.h */ = {isa = PBXFileReference; fileEncoding = 4; lastKnownFileType = sourcecode.c.h; path = RutinaViewController.h; sourceTree = "<group>"; };
		F6CB386C19E1CADA00CA1A7D /* RutinaViewController.m */ = {isa = PBXFileReference; fileEncoding = 4; lastKnownFileType = sourcecode.c.objc; path = RutinaViewController.m; sourceTree = "<group>"; };
		F6CB386D19E1CADA00CA1A7D /* RutinaViewController.xib */ = {isa = PBXFileReference; fileEncoding = 4; lastKnownFileType = file.xib; path = RutinaViewController.xib; sourceTree = "<group>"; };
		F6CB387019E1CD9800CA1A7D /* ResultadoRutina.h */ = {isa = PBXFileReference; fileEncoding = 4; lastKnownFileType = sourcecode.c.h; path = ResultadoRutina.h; sourceTree = "<group>"; };
		F6CB387119E1CD9800CA1A7D /* ResultadoRutina.m */ = {isa = PBXFileReference; fileEncoding = 4; lastKnownFileType = sourcecode.c.objc; path = ResultadoRutina.m; sourceTree = "<group>"; };
		F6CB387319E1CDA500CA1A7D /* Rutina.h */ = {isa = PBXFileReference; fileEncoding = 4; lastKnownFileType = sourcecode.c.h; path = Rutina.h; sourceTree = "<group>"; };
		F6CB387419E1CDA500CA1A7D /* Rutina.m */ = {isa = PBXFileReference; fileEncoding = 4; lastKnownFileType = sourcecode.c.objc; path = Rutina.m; sourceTree = "<group>"; };
		F6CB387619E1CDE800CA1A7D /* Ejercicio.h */ = {isa = PBXFileReference; fileEncoding = 4; lastKnownFileType = sourcecode.c.h; path = Ejercicio.h; sourceTree = "<group>"; };
		F6CB387719E1CDE800CA1A7D /* Ejercicio.m */ = {isa = PBXFileReference; fileEncoding = 4; lastKnownFileType = sourcecode.c.objc; path = Ejercicio.m; sourceTree = "<group>"; };
		F6CB387A19E1D34800CA1A7D /* SeguimientoViewController.h */ = {isa = PBXFileReference; fileEncoding = 4; lastKnownFileType = sourcecode.c.h; path = SeguimientoViewController.h; sourceTree = "<group>"; };
		F6CB387B19E1D34800CA1A7D /* SeguimientoViewController.m */ = {isa = PBXFileReference; fileEncoding = 4; lastKnownFileType = sourcecode.c.objc; path = SeguimientoViewController.m; sourceTree = "<group>"; };
		F6CB387D19E1D3B500CA1A7D /* ResultadoRutinaTableViewCell.h */ = {isa = PBXFileReference; fileEncoding = 4; lastKnownFileType = sourcecode.c.h; path = ResultadoRutinaTableViewCell.h; sourceTree = "<group>"; };
		F6CB387E19E1D3B500CA1A7D /* ResultadoRutinaTableViewCell.m */ = {isa = PBXFileReference; fileEncoding = 4; lastKnownFileType = sourcecode.c.objc; path = ResultadoRutinaTableViewCell.m; sourceTree = "<group>"; };
		F6CB387F19E1D3B500CA1A7D /* ResultadoRutinaTableViewCell.xib */ = {isa = PBXFileReference; fileEncoding = 4; lastKnownFileType = file.xib; path = ResultadoRutinaTableViewCell.xib; sourceTree = "<group>"; };
		F6CB388219E1D3D200CA1A7D /* Barra.h */ = {isa = PBXFileReference; fileEncoding = 4; lastKnownFileType = sourcecode.c.h; path = Barra.h; sourceTree = "<group>"; };
		F6CB388319E1D3D200CA1A7D /* Barra.m */ = {isa = PBXFileReference; fileEncoding = 4; lastKnownFileType = sourcecode.c.objc; path = Barra.m; sourceTree = "<group>"; };
		F6CB388519E1D52100CA1A7D /* QuartzCore.framework */ = {isa = PBXFileReference; lastKnownFileType = wrapper.framework; name = QuartzCore.framework; path = System/Library/Frameworks/QuartzCore.framework; sourceTree = SDKROOT; };
		F6CB388819E1E22B00CA1A7D /* ResultadoRutinaService.h */ = {isa = PBXFileReference; fileEncoding = 4; lastKnownFileType = sourcecode.c.h; path = ResultadoRutinaService.h; sourceTree = "<group>"; };
		F6CB388919E1E22B00CA1A7D /* ResultadoRutinaService.m */ = {isa = PBXFileReference; fileEncoding = 4; lastKnownFileType = sourcecode.c.objc; path = ResultadoRutinaService.m; sourceTree = "<group>"; };
		F6CF392119E5631D000E03BA /* EjercicioView.h */ = {isa = PBXFileReference; fileEncoding = 4; lastKnownFileType = sourcecode.c.h; path = EjercicioView.h; sourceTree = "<group>"; };
		F6CF392219E5631D000E03BA /* EjercicioView.m */ = {isa = PBXFileReference; fileEncoding = 4; lastKnownFileType = sourcecode.c.objc; path = EjercicioView.m; sourceTree = "<group>"; };
		F6CF392319E5631D000E03BA /* EjercicioView.xib */ = {isa = PBXFileReference; fileEncoding = 4; lastKnownFileType = file.xib; path = EjercicioView.xib; sourceTree = "<group>"; };
		F6DAFB8F1A98DAFF0097331F /* MisDatosParser.h */ = {isa = PBXFileReference; fileEncoding = 4; lastKnownFileType = sourcecode.c.h; path = MisDatosParser.h; sourceTree = "<group>"; };
		F6DAFB901A98DAFF0097331F /* MisDatosParser.m */ = {isa = PBXFileReference; fileEncoding = 4; lastKnownFileType = sourcecode.c.objc; path = MisDatosParser.m; sourceTree = "<group>"; };
		F6DAFB921A98DBAA0097331F /* AEDAModel.h */ = {isa = PBXFileReference; fileEncoding = 4; lastKnownFileType = sourcecode.c.h; path = AEDAModel.h; sourceTree = "<group>"; };
		F6DAFB931A98DBAA0097331F /* AEDAModel.m */ = {isa = PBXFileReference; fileEncoding = 4; lastKnownFileType = sourcecode.c.objc; path = AEDAModel.m; sourceTree = "<group>"; };
		F6DAFB951A98DCD60097331F /* AEDAPrefix.pch */ = {isa = PBXFileReference; lastKnownFileType = sourcecode.c.h; path = AEDAPrefix.pch; sourceTree = "<group>"; };
		F6F8985919E81E3A007B5E1B /* EstadoPersonaView.h */ = {isa = PBXFileReference; fileEncoding = 4; lastKnownFileType = sourcecode.c.h; path = EstadoPersonaView.h; sourceTree = "<group>"; };
		F6F8985A19E81E3A007B5E1B /* EstadoPersonaView.m */ = {isa = PBXFileReference; fileEncoding = 4; lastKnownFileType = sourcecode.c.objc; path = EstadoPersonaView.m; sourceTree = "<group>"; };
		F6F8985C19E81E53007B5E1B /* EstadoPersonaView.xib */ = {isa = PBXFileReference; fileEncoding = 4; lastKnownFileType = file.xib; path = EstadoPersonaView.xib; sourceTree = "<group>"; };
		F6F8985E19E82373007B5E1B /* EstadoPersona.h */ = {isa = PBXFileReference; fileEncoding = 4; lastKnownFileType = sourcecode.c.h; path = EstadoPersona.h; sourceTree = "<group>"; };
		F6F8985F19E82373007B5E1B /* EstadoPersona.m */ = {isa = PBXFileReference; fileEncoding = 4; lastKnownFileType = sourcecode.c.objc; path = EstadoPersona.m; sourceTree = "<group>"; };
/* End PBXFileReference section */

/* Begin PBXFrameworksBuildPhase section */
		F6C2E41419E1870900538EF7 /* Frameworks */ = {
			isa = PBXFrameworksBuildPhase;
			buildActionMask = 2147483647;
			files = (
				F6A95FA519E5F93D00F44500 /* CoreMotion.framework in Frameworks */,
				F6CB388619E1D52100CA1A7D /* QuartzCore.framework in Frameworks */,
				13C8E0298B964AE7BEE00B98 /* libPods-Aeda.a in Frameworks */,
			);
			runOnlyForDeploymentPostprocessing = 0;
		};
		F6C2E42D19E1870900538EF7 /* Frameworks */ = {
			isa = PBXFrameworksBuildPhase;
			buildActionMask = 2147483647;
			files = (
			);
			runOnlyForDeploymentPostprocessing = 0;
		};
/* End PBXFrameworksBuildPhase section */

/* Begin PBXGroup section */
		819C8FC2E0954297A6D991D0 /* Frameworks */ = {
			isa = PBXGroup;
			children = (
				F6A95FA419E5F93D00F44500 /* CoreMotion.framework */,
				F6CB388519E1D52100CA1A7D /* QuartzCore.framework */,
				ABFC7F0D7BCE4643B151466F /* libPods-Aeda.a */,
			);
			name = Frameworks;
			sourceTree = "<group>";
		};
		F6010A2019E5B1A400B076BF /* En progreso */ = {
			isa = PBXGroup;
			children = (
				F6010A2119E5B1BC00B076BF /* RutinaEnProgresoViewController.h */,
				F6010A2219E5B1BC00B076BF /* RutinaEnProgresoViewController.m */,
				F6010A2319E5B1BC00B076BF /* RutinaEnProgresoViewController.xib */,
			);
			name = "En progreso";
			sourceTree = "<group>";
		};
		F66E60861A79C33D00792487 /* MisDatos */ = {
			isa = PBXGroup;
			children = (
				F66E60871A79C38D00792487 /* MisDatosService.h */,
				F66E60881A79C38D00792487 /* MisDatosService.m */,
				F6DAFB8F1A98DAFF0097331F /* MisDatosParser.h */,
				F6DAFB901A98DAFF0097331F /* MisDatosParser.m */,
			);
			name = MisDatos;
			sourceTree = "<group>";
		};
		F695548A19E4A710009AA5A6 /* MisRutinas */ = {
			isa = PBXGroup;
			children = (
				F695548B19E4A739009AA5A6 /* RutinaService.h */,
				F695548C19E4A739009AA5A6 /* RutinaService.m */,
			);
			name = MisRutinas;
			sourceTree = "<group>";
		};
		F6A95FA019E5F82800F44500 /* Physics */ = {
			isa = PBXGroup;
			children = (
				F6A95FA619E5F9DC00F44500 /* GiroscopeAndAccelerometerData.m */,
				F6A95FA719E5F9DC00F44500 /* GiroscopeAndAccelerometerData.h */,
				F630C12019E5C55000B6449B /* HeartRate.h */,
				F630C12119E5C55000B6449B /* HeartRate.m */,
				F6A95FA119E5F86400F44500 /* StepCounter.h */,
				F6A95FA219E5F86400F44500 /* StepCounter.m */,
			);
			name = Physics;
			sourceTree = "<group>";
		};
		F6C2E40E19E1870900538EF7 = {
			isa = PBXGroup;
			children = (
				F6C2E41919E1870900538EF7 /* Aeda */,
				F6C2E43319E1870900538EF7 /* AedaTests */,
				F6C2E41819E1870900538EF7 /* Products */,
				D6F2F05B40354C27A864F90A /* Pods-Aeda.xcconfig */,
				819C8FC2E0954297A6D991D0 /* Frameworks */,
			);
			sourceTree = "<group>";
		};
		F6C2E41819E1870900538EF7 /* Products */ = {
			isa = PBXGroup;
			children = (
				F6C2E41719E1870900538EF7 /* Aeda.app */,
				F6C2E43019E1870900538EF7 /* AedaTests.xctest */,
			);
			name = Products;
			sourceTree = "<group>";
		};
		F6C2E41919E1870900538EF7 /* Aeda */ = {
			isa = PBXGroup;
			children = (
				F6C2E48D19E18A5400538EF7 /* Model */,
				F6C2E47619E18A1600538EF7 /* ViewControllers */,
				F6C2E46919E189D700538EF7 /* Categorias */,
				F6C2E44C19E189BB00538EF7 /* Controles */,
				F6C2E4AE19E18E4F00538EF7 /* Cells */,
				F6C2E41E19E1870900538EF7 /* AppDelegate.h */,
				F6C2E41F19E1870900538EF7 /* AppDelegate.m */,
				F6C2E42119E1870900538EF7 /* ViewController.h */,
				F6C2E42219E1870900538EF7 /* ViewController.m */,
				F6C2E42719E1870900538EF7 /* Images.xcassets */,
				F6C2E42919E1870900538EF7 /* LaunchScreen.xib */,
				F6C2E41A19E1870900538EF7 /* Supporting Files */,
			);
			path = Aeda;
			sourceTree = "<group>";
		};
		F6C2E41A19E1870900538EF7 /* Supporting Files */ = {
			isa = PBXGroup;
			children = (
				F6C2E4CE19E18EAA00538EF7 /* OrderedDictionary.h */,
				F6C2E4CF19E18EAA00538EF7 /* OrderedDictionary.m */,
				F6C2E41B19E1870900538EF7 /* Info.plist */,
				F6C2E41C19E1870900538EF7 /* main.m */,
				F6DAFB951A98DCD60097331F /* AEDAPrefix.pch */,
			);
			name = "Supporting Files";
			sourceTree = "<group>";
		};
		F6C2E43319E1870900538EF7 /* AedaTests */ = {
			isa = PBXGroup;
			children = (
				F6C2E43619E1870900538EF7 /* AedaTests.m */,
				F6C2E43419E1870900538EF7 /* Supporting Files */,
			);
			path = AedaTests;
			sourceTree = "<group>";
		};
		F6C2E43419E1870900538EF7 /* Supporting Files */ = {
			isa = PBXGroup;
			children = (
				F6C2E43519E1870900538EF7 /* Info.plist */,
			);
			name = "Supporting Files";
			sourceTree = "<group>";
		};
		F6C2E44019E1894F00538EF7 /* Home */ = {
			isa = PBXGroup;
			children = (
				F6C2E44119E1895B00538EF7 /* HomeMenuHeaderItem.h */,
				F6C2E44219E1895B00538EF7 /* HomeMenuHeaderItem.m */,
				F6C2E44319E1895B00538EF7 /* HomeMenuHeaderTableView.h */,
				F6C2E44419E1895B00538EF7 /* HomeMenuHeaderTableView.m */,
				F6C2E44519E1895B00538EF7 /* HomeViewController.h */,
				F6C2E44619E1895B00538EF7 /* HomeViewController.m */,
				F6C2E44719E1895B00538EF7 /* HomeViewController.xib */,
			);
			name = Home;
			sourceTree = "<group>";
		};
		F6C2E44C19E189BB00538EF7 /* Controles */ = {
			isa = PBXGroup;
			children = (
				F63F413B19E5832600F5E02B /* ALStrokeButton.m */,
				F63F413C19E5832600F5E02B /* ALFillButton.h */,
				F63F413D19E5832600F5E02B /* ALFillButton.m */,
				F63F413E19E5832600F5E02B /* ALStrokeButton.h */,
				F63F413819E582EC00F5E02B /* ALTextField.h */,
				F63F413919E582EC00F5E02B /* ALTextField.m */,
				F6C2E44D19E189C600538EF7 /* ALSegmentedControl.h */,
				F6C2E44E19E189C600538EF7 /* ALSegmentedControl.m */,
				F6C2E44F19E189C600538EF7 /* ALSegmentedControl.xib */,
				F6C2E45019E189C600538EF7 /* ALButton.h */,
				F6C2E45119E189C600538EF7 /* ALButton.m */,
				F6C2E45219E189C600538EF7 /* ALLabelForTableView.h */,
				F6C2E45319E189C600538EF7 /* ALLabelForTableView.m */,
				F6C2E45419E189C600538EF7 /* ALLabelForTableView.xib */,
				F6C2E45519E189C600538EF7 /* ALLoggedButton.h */,
				F6C2E45619E189C600538EF7 /* ALLoggedButton.m */,
				F6C2E45719E189C600538EF7 /* ALMenuButton.h */,
				F6C2E45819E189C600538EF7 /* ALMenuButton.m */,
				F6C2E45919E189C600538EF7 /* ALMessagesButton.h */,
				F6C2E45A19E189C600538EF7 /* ALMessagesButton.m */,
				F6C2E45B19E189C600538EF7 /* ALTableView.h */,
				F6C2E45C19E189C600538EF7 /* ALTableView.m */,
				F6C2E45D19E189C600538EF7 /* ALToolbar.h */,
				F6C2E45E19E189C600538EF7 /* ALToolbar.m */,
				F6CB388219E1D3D200CA1A7D /* Barra.h */,
				F6CB388319E1D3D200CA1A7D /* Barra.m */,
			);
			name = Controles;
			sourceTree = "<group>";
		};
		F6C2E46919E189D700538EF7 /* Categorias */ = {
			isa = PBXGroup;
			children = (
				F6C2E46A19E189E100538EF7 /* NSObject+NibCreator.h */,
				F6C2E46B19E189E100538EF7 /* NSObject+NibCreator.m */,
				F6C2E46C19E189E100538EF7 /* UIColor+ALAdditions.h */,
				F6C2E46D19E189E100538EF7 /* UIColor+ALAdditions.m */,
				F6C2E46E19E189E100538EF7 /* UIColor+ALColor.h */,
				F6C2E46F19E189E100538EF7 /* UIColor+ALColor.m */,
				F6C2E47019E189E100538EF7 /* UIFont+ALFonts.h */,
				F6C2E47119E189E100538EF7 /* UIFont+ALFonts.m */,
			);
			name = Categorias;
			sourceTree = "<group>";
		};
		F6C2E47619E18A1600538EF7 /* ViewControllers */ = {
			isa = PBXGroup;
			children = (
				F6CB387919E1D31A00CA1A7D /* Seguimiento */,
				F6CB386A19E1CAA400CA1A7D /* MisRutinas */,
				F6C2E49119E18CB800538EF7 /* MisDatos */,
				F6C2E48419E18A3E00538EF7 /* Login */,
				F6C2E47719E18A2300538EF7 /* Root */,
				F6C2E44019E1894F00538EF7 /* Home */,
			);
			name = ViewControllers;
			sourceTree = "<group>";
		};
		F6C2E47719E18A2300538EF7 /* Root */ = {
			isa = PBXGroup;
			children = (
				F6C2E47819E18A2D00538EF7 /* ALAuthenticationViewController.h */,
				F6C2E47919E18A2D00538EF7 /* ALAuthenticationViewController.m */,
				F6C2E47A19E18A2D00538EF7 /* ALNavigationViewController.h */,
				F6C2E47B19E18A2D00538EF7 /* ALNavigationViewController.m */,
				F6C2E47C19E18A2D00538EF7 /* ALViewController.h */,
				F6C2E47D19E18A2D00538EF7 /* ALViewController.m */,
				F6C2E47E19E18A2D00538EF7 /* IPhoneRootViewController.h */,
				F6C2E47F19E18A2D00538EF7 /* IPhoneRootViewController.m */,
			);
			name = Root;
			sourceTree = "<group>";
		};
		F6C2E48419E18A3E00538EF7 /* Login */ = {
			isa = PBXGroup;
			children = (
				F6C2E48519E18A4F00538EF7 /* LoginViewController.h */,
				F6C2E48619E18A4F00538EF7 /* LoginViewController.m */,
				F6C2E48719E18A4F00538EF7 /* LoginViewController.xib */,
				F6C2E48819E18A4F00538EF7 /* UserManager.h */,
				F6C2E48919E18A4F00538EF7 /* UserManager.m */,
			);
			name = Login;
			sourceTree = "<group>";
		};
		F6C2E48D19E18A5400538EF7 /* Model */ = {
			isa = PBXGroup;
			children = (
				F6DAFB921A98DBAA0097331F /* AEDAModel.h */,
				F6DAFB931A98DBAA0097331F /* AEDAModel.m */,
				F6A95FA019E5F82800F44500 /* Physics */,
				F6C2E49A19E18CE000538EF7 /* Services */,
				F6C2E4AB19E18D9200538EF7 /* Persona.h */,
				F6C2E4AC19E18D9200538EF7 /* Persona.m */,
				F6C2E48E19E18A6500538EF7 /* User.h */,
				F6C2E48F19E18A6500538EF7 /* User.m */,
				F6CB387019E1CD9800CA1A7D /* ResultadoRutina.h */,
				F6CB387119E1CD9800CA1A7D /* ResultadoRutina.m */,
				F6CB387319E1CDA500CA1A7D /* Rutina.h */,
				F6CB387419E1CDA500CA1A7D /* Rutina.m */,
				F695548E19E4A890009AA5A6 /* SesionRutina.h */,
				F695548F19E4A890009AA5A6 /* SesionRutina.m */,
				F6CB387619E1CDE800CA1A7D /* Ejercicio.h */,
				F6CB387719E1CDE800CA1A7D /* Ejercicio.m */,
				F63B690C19E2B6CA00302B6C /* ResultadoEjercicio.h */,
				F63B690D19E2B6CA00302B6C /* ResultadoEjercicio.m */,
				F6F8985E19E82373007B5E1B /* EstadoPersona.h */,
				F6F8985F19E82373007B5E1B /* EstadoPersona.m */,
			);
			name = Model;
			sourceTree = "<group>";
		};
		F6C2E49119E18CB800538EF7 /* MisDatos */ = {
			isa = PBXGroup;
			children = (
				F6C2E49219E18CC700538EF7 /* MisDatosTableViewHeader.h */,
				F6C2E49319E18CC700538EF7 /* MisDatosTableViewHeader.m */,
				F6C2E49419E18CC700538EF7 /* MisDatosTableViewHeader.xib */,
				F6C2E49519E18CC700538EF7 /* MisDatosViewController.h */,
				F6C2E49619E18CC700538EF7 /* MisDatosViewController.m */,
			);
			name = MisDatos;
			sourceTree = "<group>";
		};
		F6C2E49A19E18CE000538EF7 /* Services */ = {
			isa = PBXGroup;
			children = (
				F66E60861A79C33D00792487 /* MisDatos */,
				F695548A19E4A710009AA5A6 /* MisRutinas */,
				F6CB388719E1E20B00CA1A7D /* ResultadoRutina */,
				F6C2E4AA19E18D3C00538EF7 /* Generic */,
				F6C2E49B19E18CE900538EF7 /* Login */,
			);
			name = Services;
			sourceTree = "<group>";
		};
		F6C2E49B19E18CE900538EF7 /* Login */ = {
			isa = PBXGroup;
			children = (
				F6C2E49C19E18CFD00538EF7 /* LoginParser.h */,
				F6C2E49D19E18CFD00538EF7 /* LoginParser.m */,
				F6C2E49E19E18CFD00538EF7 /* LoginService.h */,
				F6C2E49F19E18CFD00538EF7 /* LoginService.m */,
				F6C2E4A019E18CFD00538EF7 /* LoginServiceRequest.txt */,
			);
			name = Login;
			sourceTree = "<group>";
		};
		F6C2E4AA19E18D3C00538EF7 /* Generic */ = {
			isa = PBXGroup;
			children = (
				F66E60831A799C7000792487 /* Utils.h */,
				F66E60841A799C7000792487 /* Utils.m */,
				F6C2E4A719E18D3500538EF7 /* RestService.h */,
				F6C2E4A819E18D3500538EF7 /* RestService.m */,
				F6C2E4A419E18D2900538EF7 /* GenericParser.h */,
				F6C2E4A519E18D2900538EF7 /* GenericParser.m */,
			);
			name = Generic;
			sourceTree = "<group>";
		};
		F6C2E4AE19E18E4F00538EF7 /* Cells */ = {
			isa = PBXGroup;
			children = (
				F6C2E4AF19E18E5700538EF7 /* ButtonsTableViewCell.h */,
				F6C2E4B019E18E5700538EF7 /* ButtonsTableViewCell.m */,
				F6C2E4B419E18E5700538EF7 /* ImageLabelTableViewCell.h */,
				F6C2E4B519E18E5700538EF7 /* ImageLabelTableViewCell.m */,
				F6C2E4B619E18E5700538EF7 /* ImageLabelTableViewCell.xib */,
				F6C2E4B719E18E5700538EF7 /* LoadingNextPageView.h */,
				F6C2E4B819E18E5700538EF7 /* LoadingNextPageView.m */,
				F6C2E4BC19E18E5700538EF7 /* TitleTextViewTableViewCell.h */,
				F6C2E4BD19E18E5700538EF7 /* TitleTextViewTableViewCell.m */,
				F6C2E4BE19E18E5700538EF7 /* TitleTextViewTableViewCell.xib */,
				F6CB387D19E1D3B500CA1A7D /* ResultadoRutinaTableViewCell.h */,
				F6CB387E19E1D3B500CA1A7D /* ResultadoRutinaTableViewCell.m */,
				F6CB387F19E1D3B500CA1A7D /* ResultadoRutinaTableViewCell.xib */,
				F695548519E4A574009AA5A6 /* RutinaTableViewCell.h */,
				F695548619E4A574009AA5A6 /* RutinaTableViewCell.m */,
				F695548719E4A574009AA5A6 /* RutinaTableViewCell.xib */,
			);
			name = Cells;
			sourceTree = "<group>";
		};
		F6CB386A19E1CAA400CA1A7D /* MisRutinas */ = {
			isa = PBXGroup;
			children = (
				F6CF391F19E56263000E03BA /* Listas */,
				F6CF392019E56272000E03BA /* Detalle */,
				F6A23C3119E4A2970099F0A1 /* MisRutinasViewController.h */,
				F6A23C3219E4A2970099F0A1 /* MisRutinasViewController.m */,
				F6A23C3319E4A2970099F0A1 /* MisRutinasViewController.xib */,
			);
			name = MisRutinas;
			sourceTree = "<group>";
		};
		F6CB387919E1D31A00CA1A7D /* Seguimiento */ = {
			isa = PBXGroup;
			children = (
				F6F8985719E81DEC007B5E1B /* Listado */,
				F6F8985819E81DFF007B5E1B /* Detalle */,
			);
			name = Seguimiento;
			sourceTree = "<group>";
		};
		F6CB388719E1E20B00CA1A7D /* ResultadoRutina */ = {
			isa = PBXGroup;
			children = (
				F6CB388819E1E22B00CA1A7D /* ResultadoRutinaService.h */,
				F6CB388919E1E22B00CA1A7D /* ResultadoRutinaService.m */,
			);
			name = ResultadoRutina;
			sourceTree = "<group>";
		};
		F6CF391F19E56263000E03BA /* Listas */ = {
			isa = PBXGroup;
			children = (
				F66ACDC419E4AFBC00DF52D8 /* RutinasListByDayViewController.h */,
				F66ACDC519E4AFBC00DF52D8 /* RutinasListByDayViewController.m */,
				F677408B19E4E83F0056EA16 /* RutinasHoyViewController.h */,
				F677408C19E4E83F0056EA16 /* RutinasHoyViewController.m */,
				F6A23C3619E4A4B20099F0A1 /* RutinasListViewController.h */,
				F6A23C3719E4A4B20099F0A1 /* RutinasListViewController.m */,
				F6A23C3819E4A4B20099F0A1 /* RutinasListViewController.xib */,
			);
			name = Listas;
			sourceTree = "<group>";
		};
		F6CF392019E56272000E03BA /* Detalle */ = {
			isa = PBXGroup;
			children = (
				F6010A2019E5B1A400B076BF /* En progreso */,
				F6CF392119E5631D000E03BA /* EjercicioView.h */,
				F6CF392219E5631D000E03BA /* EjercicioView.m */,
				F6CF392319E5631D000E03BA /* EjercicioView.xib */,
				F6CB386B19E1CADA00CA1A7D /* RutinaViewController.h */,
				F6CB386C19E1CADA00CA1A7D /* RutinaViewController.m */,
				F6CB386D19E1CADA00CA1A7D /* RutinaViewController.xib */,
			);
			name = Detalle;
			sourceTree = "<group>";
		};
		F6F8985719E81DEC007B5E1B /* Listado */ = {
			isa = PBXGroup;
			children = (
				F6CB387A19E1D34800CA1A7D /* SeguimientoViewController.h */,
				F6CB387B19E1D34800CA1A7D /* SeguimientoViewController.m */,
				F6F8985919E81E3A007B5E1B /* EstadoPersonaView.h */,
				F6F8985A19E81E3A007B5E1B /* EstadoPersonaView.m */,
				F6F8985C19E81E53007B5E1B /* EstadoPersonaView.xib */,
			);
			name = Listado;
			sourceTree = "<group>";
		};
		F6F8985819E81DFF007B5E1B /* Detalle */ = {
			isa = PBXGroup;
			children = (
				F63B690619E2B28500302B6C /* ResultadoRutinaViewController.h */,
				F63B690719E2B28500302B6C /* ResultadoRutinaViewController.m */,
				F63B690919E2B2E000302B6C /* ResultadoEjercicioView.h */,
				F63B690A19E2B2E000302B6C /* ResultadoEjercicioView.m */,
				F62D522C19E311E800EF01FB /* ResultadoRepeticionView.h */,
				F62D522D19E311E800EF01FB /* ResultadoRepeticionView.m */,
			);
			name = Detalle;
			sourceTree = "<group>";
		};
/* End PBXGroup section */

/* Begin PBXNativeTarget section */
		F6C2E41619E1870900538EF7 /* Aeda */ = {
			isa = PBXNativeTarget;
			buildConfigurationList = F6C2E43A19E1870900538EF7 /* Build configuration list for PBXNativeTarget "Aeda" */;
			buildPhases = (
				B43A26EE354B47A8AACBED7F /* Check Pods Manifest.lock */,
				F6C2E41319E1870900538EF7 /* Sources */,
				F6C2E41419E1870900538EF7 /* Frameworks */,
				F6C2E41519E1870900538EF7 /* Resources */,
				9741855FFCEE4ACC9E182A35 /* Copy Pods Resources */,
			);
			buildRules = (
			);
			dependencies = (
			);
			name = Aeda;
			productName = Aeda;
			productReference = F6C2E41719E1870900538EF7 /* Aeda.app */;
			productType = "com.apple.product-type.application";
		};
		F6C2E42F19E1870900538EF7 /* AedaTests */ = {
			isa = PBXNativeTarget;
			buildConfigurationList = F6C2E43D19E1870900538EF7 /* Build configuration list for PBXNativeTarget "AedaTests" */;
			buildPhases = (
				F6C2E42C19E1870900538EF7 /* Sources */,
				F6C2E42D19E1870900538EF7 /* Frameworks */,
				F6C2E42E19E1870900538EF7 /* Resources */,
			);
			buildRules = (
			);
			dependencies = (
				F6C2E43219E1870900538EF7 /* PBXTargetDependency */,
			);
			name = AedaTests;
			productName = AedaTests;
			productReference = F6C2E43019E1870900538EF7 /* AedaTests.xctest */;
			productType = "com.apple.product-type.bundle.unit-test";
		};
/* End PBXNativeTarget section */

/* Begin PBXProject section */
		F6C2E40F19E1870900538EF7 /* Project object */ = {
			isa = PBXProject;
			attributes = {
				LastUpgradeCheck = 0600;
				ORGANIZATIONNAME = Solbest;
				TargetAttributes = {
					F6C2E41619E1870900538EF7 = {
						CreatedOnToolsVersion = 6.0.1;
					};
					F6C2E42F19E1870900538EF7 = {
						CreatedOnToolsVersion = 6.0.1;
						TestTargetID = F6C2E41619E1870900538EF7;
					};
				};
			};
			buildConfigurationList = F6C2E41219E1870900538EF7 /* Build configuration list for PBXProject "Aeda" */;
			compatibilityVersion = "Xcode 3.2";
			developmentRegion = English;
			hasScannedForEncodings = 0;
			knownRegions = (
				en,
				Base,
			);
			mainGroup = F6C2E40E19E1870900538EF7;
			productRefGroup = F6C2E41819E1870900538EF7 /* Products */;
			projectDirPath = "";
			projectRoot = "";
			targets = (
				F6C2E41619E1870900538EF7 /* Aeda */,
				F6C2E42F19E1870900538EF7 /* AedaTests */,
			);
		};
/* End PBXProject section */

/* Begin PBXResourcesBuildPhase section */
		F6C2E41519E1870900538EF7 /* Resources */ = {
			isa = PBXResourcesBuildPhase;
			buildActionMask = 2147483647;
			files = (
				F6A23C3A19E4A4B20099F0A1 /* RutinasListViewController.xib in Resources */,
				F6C2E4A319E18CFD00538EF7 /* LoginServiceRequest.txt in Resources */,
				F6C2E42B19E1870900538EF7 /* LaunchScreen.xib in Resources */,
				F6F8985D19E81E53007B5E1B /* EstadoPersonaView.xib in Resources */,
				F6CB386F19E1CADA00CA1A7D /* RutinaViewController.xib in Resources */,
				F6C2E4C619E18E5700538EF7 /* ImageLabelTableViewCell.xib in Resources */,
				F6CB388119E1D3B500CA1A7D /* ResultadoRutinaTableViewCell.xib in Resources */,
				F6C2E49819E18CC700538EF7 /* MisDatosTableViewHeader.xib in Resources */,
				F6C2E46019E189C600538EF7 /* ALSegmentedControl.xib in Resources */,
				F6C2E48B19E18A4F00538EF7 /* LoginViewController.xib in Resources */,
				F695548919E4A574009AA5A6 /* RutinaTableViewCell.xib in Resources */,
				F6CF392519E5631D000E03BA /* EjercicioView.xib in Resources */,
				F6C2E4CB19E18E5700538EF7 /* TitleTextViewTableViewCell.xib in Resources */,
				F6C2E42819E1870900538EF7 /* Images.xcassets in Resources */,
				F6C2E44B19E1895B00538EF7 /* HomeViewController.xib in Resources */,
				F6010A2519E5B1BC00B076BF /* RutinaEnProgresoViewController.xib in Resources */,
				F6C2E46319E189C600538EF7 /* ALLabelForTableView.xib in Resources */,
				F6A23C3519E4A2970099F0A1 /* MisRutinasViewController.xib in Resources */,
			);
			runOnlyForDeploymentPostprocessing = 0;
		};
		F6C2E42E19E1870900538EF7 /* Resources */ = {
			isa = PBXResourcesBuildPhase;
			buildActionMask = 2147483647;
			files = (
			);
			runOnlyForDeploymentPostprocessing = 0;
		};
/* End PBXResourcesBuildPhase section */

/* Begin PBXShellScriptBuildPhase section */
		9741855FFCEE4ACC9E182A35 /* Copy Pods Resources */ = {
			isa = PBXShellScriptBuildPhase;
			buildActionMask = 2147483647;
			files = (
			);
			inputPaths = (
			);
			name = "Copy Pods Resources";
			outputPaths = (
			);
			runOnlyForDeploymentPostprocessing = 0;
			shellPath = /bin/sh;
			shellScript = "\"${SRCROOT}/Pods/Pods-Aeda-resources.sh\"\n";
			showEnvVarsInLog = 0;
		};
		B43A26EE354B47A8AACBED7F /* Check Pods Manifest.lock */ = {
			isa = PBXShellScriptBuildPhase;
			buildActionMask = 2147483647;
			files = (
			);
			inputPaths = (
			);
			name = "Check Pods Manifest.lock";
			outputPaths = (
			);
			runOnlyForDeploymentPostprocessing = 0;
			shellPath = /bin/sh;
			shellScript = "diff \"${PODS_ROOT}/../Podfile.lock\" \"${PODS_ROOT}/Manifest.lock\" > /dev/null\nif [[ $? != 0 ]] ; then\n    cat << EOM\nerror: The sandbox is not in sync with the Podfile.lock. Run 'pod install' or update your CocoaPods installation.\nEOM\n    exit 1\nfi\n";
			showEnvVarsInLog = 0;
		};
/* End PBXShellScriptBuildPhase section */

/* Begin PBXSourcesBuildPhase section */
		F6C2E41319E1870900538EF7 /* Sources */ = {
			isa = PBXSourcesBuildPhase;
			buildActionMask = 2147483647;
			files = (
				F6CB387219E1CD9800CA1A7D /* ResultadoRutina.m in Sources */,
				F6C2E49719E18CC700538EF7 /* MisDatosTableViewHeader.m in Sources */,
				F66E60851A799C7000792487 /* Utils.m in Sources */,
				F6CB386E19E1CADA00CA1A7D /* RutinaViewController.m in Sources */,
				F6C2E4AD19E18D9200538EF7 /* Persona.m in Sources */,
				F66E60891A79C38D00792487 /* MisDatosService.m in Sources */,
				F6F8986019E82373007B5E1B /* EstadoPersona.m in Sources */,
				F6C2E49019E18A6500538EF7 /* User.m in Sources */,
				F6C2E47519E189E100538EF7 /* UIFont+ALFonts.m in Sources */,
				F6C2E4D119E18EAA00538EF7 /* OrderedDictionary.m in Sources */,
				F6C2E48A19E18A4F00538EF7 /* LoginViewController.m in Sources */,
				F6C2E48219E18A2D00538EF7 /* ALViewController.m in Sources */,
				F6C2E46519E189C600538EF7 /* ALMenuButton.m in Sources */,
				F6C2E4A119E18CFD00538EF7 /* LoginParser.m in Sources */,
				F6C2E48319E18A2D00538EF7 /* IPhoneRootViewController.m in Sources */,
				F6C2E42319E1870900538EF7 /* ViewController.m in Sources */,
				F6C2E48119E18A2D00538EF7 /* ALNavigationViewController.m in Sources */,
				F6C2E46619E189C600538EF7 /* ALMessagesButton.m in Sources */,
				F695549019E4A890009AA5A6 /* SesionRutina.m in Sources */,
				F6C2E46719E189C600538EF7 /* ALTableView.m in Sources */,
				F6C2E4A619E18D2900538EF7 /* GenericParser.m in Sources */,
				F6010A2419E5B1BC00B076BF /* RutinaEnProgresoViewController.m in Sources */,
				F677408D19E4E83F0056EA16 /* RutinasHoyViewController.m in Sources */,
				F66ACDC619E4AFBC00DF52D8 /* RutinasListByDayViewController.m in Sources */,
				F6C2E47419E189E100538EF7 /* UIColor+ALColor.m in Sources */,
				F63F414019E5832600F5E02B /* ALFillButton.m in Sources */,
				F63F413F19E5832600F5E02B /* ALStrokeButton.m in Sources */,
				F6C2E48C19E18A4F00538EF7 /* UserManager.m in Sources */,
				F6DAFB941A98DBAA0097331F /* AEDAModel.m in Sources */,
				F63F413A19E582EC00F5E02B /* ALTextField.m in Sources */,
				F6CF392419E5631D000E03BA /* EjercicioView.m in Sources */,
				F6C2E4C719E18E5700538EF7 /* LoadingNextPageView.m in Sources */,
				F6C2E4C519E18E5700538EF7 /* ImageLabelTableViewCell.m in Sources */,
				F6C2E47319E189E100538EF7 /* UIColor+ALAdditions.m in Sources */,
				F6CB387519E1CDA500CA1A7D /* Rutina.m in Sources */,
				F6C2E49919E18CC700538EF7 /* MisDatosViewController.m in Sources */,
				F6A95FA319E5F86400F44500 /* StepCounter.m in Sources */,
				F6C2E4CA19E18E5700538EF7 /* TitleTextViewTableViewCell.m in Sources */,
				F6C2E44919E1895B00538EF7 /* HomeMenuHeaderTableView.m in Sources */,
				F6A23C3419E4A2970099F0A1 /* MisRutinasViewController.m in Sources */,
				F62D522E19E311E800EF01FB /* ResultadoRepeticionView.m in Sources */,
				F6C2E46419E189C600538EF7 /* ALLoggedButton.m in Sources */,
				F6C2E46219E189C600538EF7 /* ALLabelForTableView.m in Sources */,
				F6DAFB911A98DAFF0097331F /* MisDatosParser.m in Sources */,
				F6CB388019E1D3B500CA1A7D /* ResultadoRutinaTableViewCell.m in Sources */,
				F6C2E44819E1895B00538EF7 /* HomeMenuHeaderItem.m in Sources */,
				F6C2E42019E1870900538EF7 /* AppDelegate.m in Sources */,
				F695548D19E4A739009AA5A6 /* RutinaService.m in Sources */,
				F63B690E19E2B6CA00302B6C /* ResultadoEjercicio.m in Sources */,
				F695548819E4A574009AA5A6 /* RutinaTableViewCell.m in Sources */,
				F6A95FA819E5F9DC00F44500 /* GiroscopeAndAccelerometerData.m in Sources */,
				F63B690819E2B28500302B6C /* ResultadoRutinaViewController.m in Sources */,
				F6C2E45F19E189C600538EF7 /* ALSegmentedControl.m in Sources */,
				F6C2E41D19E1870900538EF7 /* main.m in Sources */,
				F6C2E48019E18A2D00538EF7 /* ALAuthenticationViewController.m in Sources */,
				F6C2E46119E189C600538EF7 /* ALButton.m in Sources */,
				F6CB387819E1CDE800CA1A7D /* Ejercicio.m in Sources */,
				F630C12219E5C55000B6449B /* HeartRate.m in Sources */,
				F6C2E4A219E18CFD00538EF7 /* LoginService.m in Sources */,
				F6CB388A19E1E22B00CA1A7D /* ResultadoRutinaService.m in Sources */,
				F6F8985B19E81E3A007B5E1B /* EstadoPersonaView.m in Sources */,
				F6CB387C19E1D34800CA1A7D /* SeguimientoViewController.m in Sources */,
				F63B690B19E2B2E000302B6C /* ResultadoEjercicioView.m in Sources */,
				F6CB388419E1D3D200CA1A7D /* Barra.m in Sources */,
				F6C2E46819E189C600538EF7 /* ALToolbar.m in Sources */,
				F6C2E44A19E1895B00538EF7 /* HomeViewController.m in Sources */,
				F6C2E4C219E18E5700538EF7 /* ButtonsTableViewCell.m in Sources */,
				F6A23C3919E4A4B20099F0A1 /* RutinasListViewController.m in Sources */,
				F6C2E4A919E18D3500538EF7 /* RestService.m in Sources */,
				F6C2E47219E189E100538EF7 /* NSObject+NibCreator.m in Sources */,
			);
			runOnlyForDeploymentPostprocessing = 0;
		};
		F6C2E42C19E1870900538EF7 /* Sources */ = {
			isa = PBXSourcesBuildPhase;
			buildActionMask = 2147483647;
			files = (
				F6C2E43719E1870900538EF7 /* AedaTests.m in Sources */,
			);
			runOnlyForDeploymentPostprocessing = 0;
		};
/* End PBXSourcesBuildPhase section */

/* Begin PBXTargetDependency section */
		F6C2E43219E1870900538EF7 /* PBXTargetDependency */ = {
			isa = PBXTargetDependency;
			target = F6C2E41619E1870900538EF7 /* Aeda */;
			targetProxy = F6C2E43119E1870900538EF7 /* PBXContainerItemProxy */;
		};
/* End PBXTargetDependency section */

/* Begin PBXVariantGroup section */
		F6C2E42919E1870900538EF7 /* LaunchScreen.xib */ = {
			isa = PBXVariantGroup;
			children = (
				F6C2E42A19E1870900538EF7 /* Base */,
			);
			name = LaunchScreen.xib;
			sourceTree = "<group>";
		};
/* End PBXVariantGroup section */

/* Begin XCBuildConfiguration section */
		F6C2E43819E1870900538EF7 /* Debug */ = {
			isa = XCBuildConfiguration;
			buildSettings = {
				ALWAYS_SEARCH_USER_PATHS = NO;
				CLANG_CXX_LANGUAGE_STANDARD = "gnu++0x";
				CLANG_CXX_LIBRARY = "libc++";
				CLANG_ENABLE_MODULES = YES;
				CLANG_ENABLE_OBJC_ARC = YES;
				CLANG_WARN_BOOL_CONVERSION = YES;
				CLANG_WARN_CONSTANT_CONVERSION = YES;
				CLANG_WARN_DIRECT_OBJC_ISA_USAGE = YES_ERROR;
				CLANG_WARN_EMPTY_BODY = YES;
				CLANG_WARN_ENUM_CONVERSION = YES;
				CLANG_WARN_INT_CONVERSION = YES;
				CLANG_WARN_OBJC_ROOT_CLASS = YES_ERROR;
				CLANG_WARN_UNREACHABLE_CODE = YES;
				CLANG_WARN__DUPLICATE_METHOD_MATCH = YES;
				"CODE_SIGN_IDENTITY[sdk=iphoneos*]" = "iPhone Developer";
				COPY_PHASE_STRIP = NO;
				ENABLE_STRICT_OBJC_MSGSEND = YES;
				GCC_C_LANGUAGE_STANDARD = gnu99;
				GCC_DYNAMIC_NO_PIC = NO;
				GCC_OPTIMIZATION_LEVEL = 0;
				GCC_PREFIX_HEADER = Aeda/AEDAPrefix.pch;
				GCC_PREPROCESSOR_DEFINITIONS = (
					"DEBUG=1",
					"$(inherited)",
				);
				GCC_SYMBOLS_PRIVATE_EXTERN = NO;
				GCC_WARN_64_TO_32_BIT_CONVERSION = YES;
				GCC_WARN_ABOUT_RETURN_TYPE = YES_ERROR;
				GCC_WARN_UNDECLARED_SELECTOR = YES;
				GCC_WARN_UNINITIALIZED_AUTOS = YES_AGGRESSIVE;
				GCC_WARN_UNUSED_FUNCTION = YES;
				GCC_WARN_UNUSED_VARIABLE = YES;
				IPHONEOS_DEPLOYMENT_TARGET = 6.0;
				MTL_ENABLE_DEBUG_INFO = YES;
				ONLY_ACTIVE_ARCH = YES;
				SDKROOT = iphoneos;
			};
			name = Debug;
		};
		F6C2E43919E1870900538EF7 /* Release */ = {
			isa = XCBuildConfiguration;
			buildSettings = {
				ALWAYS_SEARCH_USER_PATHS = NO;
				CLANG_CXX_LANGUAGE_STANDARD = "gnu++0x";
				CLANG_CXX_LIBRARY = "libc++";
				CLANG_ENABLE_MODULES = YES;
				CLANG_ENABLE_OBJC_ARC = YES;
				CLANG_WARN_BOOL_CONVERSION = YES;
				CLANG_WARN_CONSTANT_CONVERSION = YES;
				CLANG_WARN_DIRECT_OBJC_ISA_USAGE = YES_ERROR;
				CLANG_WARN_EMPTY_BODY = YES;
				CLANG_WARN_ENUM_CONVERSION = YES;
				CLANG_WARN_INT_CONVERSION = YES;
				CLANG_WARN_OBJC_ROOT_CLASS = YES_ERROR;
				CLANG_WARN_UNREACHABLE_CODE = YES;
				CLANG_WARN__DUPLICATE_METHOD_MATCH = YES;
				"CODE_SIGN_IDENTITY[sdk=iphoneos*]" = "iPhone Distribution";
				COPY_PHASE_STRIP = YES;
				ENABLE_NS_ASSERTIONS = NO;
				ENABLE_STRICT_OBJC_MSGSEND = YES;
				GCC_C_LANGUAGE_STANDARD = gnu99;
				GCC_PREFIX_HEADER = Aeda/AEDAPrefix.pch;
				GCC_WARN_64_TO_32_BIT_CONVERSION = YES;
				GCC_WARN_ABOUT_RETURN_TYPE = YES_ERROR;
				GCC_WARN_UNDECLARED_SELECTOR = YES;
				GCC_WARN_UNINITIALIZED_AUTOS = YES_AGGRESSIVE;
				GCC_WARN_UNUSED_FUNCTION = YES;
				GCC_WARN_UNUSED_VARIABLE = YES;
				IPHONEOS_DEPLOYMENT_TARGET = 6.0;
				MTL_ENABLE_DEBUG_INFO = NO;
				SDKROOT = iphoneos;
				VALIDATE_PRODUCT = YES;
			};
			name = Release;
		};
		F6C2E43B19E1870900538EF7 /* Debug */ = {
			isa = XCBuildConfiguration;
			baseConfigurationReference = D6F2F05B40354C27A864F90A /* Pods-Aeda.xcconfig */;
			buildSettings = {
				ASSETCATALOG_COMPILER_APPICON_NAME = AppIcon;
				INFOPLIST_FILE = Aeda/Info.plist;
				IPHONEOS_DEPLOYMENT_TARGET = 6.0;
				LD_RUNPATH_SEARCH_PATHS = "$(inherited) @executable_path/Frameworks";
				PRODUCT_NAME = "$(TARGET_NAME)";
			};
			name = Debug;
		};
		F6C2E43C19E1870900538EF7 /* Release */ = {
			isa = XCBuildConfiguration;
			baseConfigurationReference = D6F2F05B40354C27A864F90A /* Pods-Aeda.xcconfig */;
			buildSettings = {
				ASSETCATALOG_COMPILER_APPICON_NAME = AppIcon;
				"CODE_SIGN_IDENTITY[sdk=iphoneos*]" = "iPhone Distribution";
				INFOPLIST_FILE = Aeda/Info.plist;
				IPHONEOS_DEPLOYMENT_TARGET = 6.0;
				LD_RUNPATH_SEARCH_PATHS = "$(inherited) @executable_path/Frameworks";
				PRODUCT_NAME = "$(TARGET_NAME)";
			};
			name = Release;
		};
		F6C2E43E19E1870900538EF7 /* Debug */ = {
			isa = XCBuildConfiguration;
			buildSettings = {
				BUNDLE_LOADER = "$(TEST_HOST)";
				FRAMEWORK_SEARCH_PATHS = (
					"$(SDKROOT)/Developer/Library/Frameworks",
					"$(inherited)",
				);
				GCC_PREPROCESSOR_DEFINITIONS = (
					"DEBUG=1",
					"$(inherited)",
				);
				INFOPLIST_FILE = AedaTests/Info.plist;
				LD_RUNPATH_SEARCH_PATHS = "$(inherited) @executable_path/Frameworks @loader_path/Frameworks";
				PRODUCT_NAME = "$(TARGET_NAME)";
				TEST_HOST = "$(BUILT_PRODUCTS_DIR)/Aeda.app/Aeda";
			};
			name = Debug;
		};
		F6C2E43F19E1870900538EF7 /* Release */ = {
			isa = XCBuildConfiguration;
			buildSettings = {
				BUNDLE_LOADER = "$(TEST_HOST)";
				FRAMEWORK_SEARCH_PATHS = (
					"$(SDKROOT)/Developer/Library/Frameworks",
					"$(inherited)",
				);
				INFOPLIST_FILE = AedaTests/Info.plist;
				LD_RUNPATH_SEARCH_PATHS = "$(inherited) @executable_path/Frameworks @loader_path/Frameworks";
				PRODUCT_NAME = "$(TARGET_NAME)";
				TEST_HOST = "$(BUILT_PRODUCTS_DIR)/Aeda.app/Aeda";
			};
			name = Release;
		};
/* End XCBuildConfiguration section */

/* Begin XCConfigurationList section */
		F6C2E41219E1870900538EF7 /* Build configuration list for PBXProject "Aeda" */ = {
			isa = XCConfigurationList;
			buildConfigurations = (
				F6C2E43819E1870900538EF7 /* Debug */,
				F6C2E43919E1870900538EF7 /* Release */,
			);
			defaultConfigurationIsVisible = 0;
			defaultConfigurationName = Release;
		};
		F6C2E43A19E1870900538EF7 /* Build configuration list for PBXNativeTarget "Aeda" */ = {
			isa = XCConfigurationList;
			buildConfigurations = (
				F6C2E43B19E1870900538EF7 /* Debug */,
				F6C2E43C19E1870900538EF7 /* Release */,
			);
			defaultConfigurationIsVisible = 0;
			defaultConfigurationName = Release;
		};
		F6C2E43D19E1870900538EF7 /* Build configuration list for PBXNativeTarget "AedaTests" */ = {
			isa = XCConfigurationList;
			buildConfigurations = (
				F6C2E43E19E1870900538EF7 /* Debug */,
				F6C2E43F19E1870900538EF7 /* Release */,
			);
			defaultConfigurationIsVisible = 0;
			defaultConfigurationName = Release;
		};
/* End XCConfigurationList section */
	};
	rootObject = F6C2E40F19E1870900538EF7 /* Project object */;
}
